// !$*UTF8*$!
{
	archiveVersion = 1;
	classes = {
	};
	objectVersion = 56;
	objects = {

/* Begin PBXBuildFile section */
		9A28A72A2A788C5600478870 /* SwiftUI101App.swift in Sources */ = {isa = PBXBuildFile; fileRef = 9A28A7292A788C5600478870 /* SwiftUI101App.swift */; };
		9A28A72C2A788C5700478870 /* ContentView.swift in Sources */ = {isa = PBXBuildFile; fileRef = 9A28A72B2A788C5700478870 /* ContentView.swift */; };
		9A28A72E2A788C5A00478870 /* Assets.xcassets in Resources */ = {isa = PBXBuildFile; fileRef = 9A28A72D2A788C5A00478870 /* Assets.xcassets */; };
		9A28A7312A788C5A00478870 /* Preview Assets.xcassets in Resources */ = {isa = PBXBuildFile; fileRef = 9A28A7302A788C5A00478870 /* Preview Assets.xcassets */; };
		9A28A73B2A788C5B00478870 /* SwiftUI101Tests.swift in Sources */ = {isa = PBXBuildFile; fileRef = 9A28A73A2A788C5B00478870 /* SwiftUI101Tests.swift */; };
		9A28A7452A788C5B00478870 /* SwiftUI101UITests.swift in Sources */ = {isa = PBXBuildFile; fileRef = 9A28A7442A788C5B00478870 /* SwiftUI101UITests.swift */; };
		9A28A7472A788C5B00478870 /* SwiftUI101UITestsLaunchTests.swift in Sources */ = {isa = PBXBuildFile; fileRef = 9A28A7462A788C5B00478870 /* SwiftUI101UITestsLaunchTests.swift */; };
		9AAC09142F20487400C89A7C /* SwiftUI101DemoTests.swift in Sources */ = {isa = PBXBuildFile; fileRef = 9AAC09132F20487400C89A7C /* SwiftUI101DemoTests.swift */; };
		9AAC09182F20673F00C89A7C /* EnvironmentExampleSwiftUIView.swift in Sources */ = {isa = PBXBuildFile; fileRef = 9AAC09172F20673F00C89A7C /* EnvironmentExampleSwiftUIView.swift */; };
		9AAC091A2F20885500C89A7C /* BindableSwiftUIView.swift in Sources */ = {isa = PBXBuildFile; fileRef = 9AAC09192F20885500C89A7C /* BindableSwiftUIView.swift */; };
		9AE4EB752A78C8100071A7C7 /* MyCustomCell.swift in Sources */ = {isa = PBXBuildFile; fileRef = 9AE4EB742A78C8100071A7C7 /* MyCustomCell.swift */; };
		9AF1756D2F17391B00F02BCD /* ObservationiOS17DemoView.swift in Sources */ = {isa = PBXBuildFile; fileRef = 9AF1756C2F17390F00F02BCD /* ObservationiOS17DemoView.swift */; };
/* End PBXBuildFile section */

/* Begin PBXContainerItemProxy section */
		9A28A7372A788C5B00478870 /* PBXContainerItemProxy */ = {
			isa = PBXContainerItemProxy;
			containerPortal = 9A28A71E2A788C5600478870 /* Project object */;
			proxyType = 1;
			remoteGlobalIDString = 9A28A7252A788C5600478870;
			remoteInfo = SwiftUI101;
		};
		9A28A7412A788C5B00478870 /* PBXContainerItemProxy */ = {
			isa = PBXContainerItemProxy;
			containerPortal = 9A28A71E2A788C5600478870 /* Project object */;
			proxyType = 1;
			remoteGlobalIDString = 9A28A7252A788C5600478870;
			remoteInfo = SwiftUI101;
		};
/* End PBXContainerItemProxy section */

/* Begin PBXFileReference section */
		9A28A7262A788C5600478870 /* SwiftUI101.app */ = {isa = PBXFileReference; explicitFileType = wrapper.application; includeInIndex = 0; path = SwiftUI101.app; sourceTree = BUILT_PRODUCTS_DIR; };
		9A28A7292A788C5600478870 /* SwiftUI101App.swift */ = {isa = PBXFileReference; lastKnownFileType = sourcecode.swift; path = SwiftUI101App.swift; sourceTree = "<group>"; };
		9A28A72B2A788C5700478870 /* ContentView.swift */ = {isa = PBXFileReference; lastKnownFileType = sourcecode.swift; path = ContentView.swift; sourceTree = "<group>"; };
		9A28A72D2A788C5A00478870 /* Assets.xcassets */ = {isa = PBXFileReference; lastKnownFileType = folder.assetcatalog; path = Assets.xcassets; sourceTree = "<group>"; };
		9A28A7302A788C5A00478870 /* Preview Assets.xcassets */ = {isa = PBXFileReference; lastKnownFileType = folder.assetcatalog; path = "Preview Assets.xcassets"; sourceTree = "<group>"; };
		9A28A7362A788C5B00478870 /* SwiftUI101Tests.xctest */ = {isa = PBXFileReference; explicitFileType = wrapper.cfbundle; includeInIndex = 0; path = SwiftUI101Tests.xctest; sourceTree = BUILT_PRODUCTS_DIR; };
		9A28A73A2A788C5B00478870 /* SwiftUI101Tests.swift */ = {isa = PBXFileReference; lastKnownFileType = sourcecode.swift; path = SwiftUI101Tests.swift; sourceTree = "<group>"; };
		9A28A7402A788C5B00478870 /* SwiftUI101UITests.xctest */ = {isa = PBXFileReference; explicitFileType = wrapper.cfbundle; includeInIndex = 0; path = SwiftUI101UITests.xctest; sourceTree = BUILT_PRODUCTS_DIR; };
		9A28A7442A788C5B00478870 /* SwiftUI101UITests.swift */ = {isa = PBXFileReference; lastKnownFileType = sourcecode.swift; path = SwiftUI101UITests.swift; sourceTree = "<group>"; };
		9A28A7462A788C5B00478870 /* SwiftUI101UITestsLaunchTests.swift */ = {isa = PBXFileReference; lastKnownFileType = sourcecode.swift; path = SwiftUI101UITestsLaunchTests.swift; sourceTree = "<group>"; };
		9AAC09132F20487400C89A7C /* SwiftUI101DemoTests.swift */ = {isa = PBXFileReference; lastKnownFileType = sourcecode.swift; path = SwiftUI101DemoTests.swift; sourceTree = "<group>"; };
		9AAC09172F20673F00C89A7C /* EnvironmentExampleSwiftUIView.swift */ = {isa = PBXFileReference; lastKnownFileType = sourcecode.swift; path = EnvironmentExampleSwiftUIView.swift; sourceTree = "<group>"; };
		9AAC09192F20885500C89A7C /* BindableSwiftUIView.swift */ = {isa = PBXFileReference; lastKnownFileType = sourcecode.swift; path = BindableSwiftUIView.swift; sourceTree = "<group>"; };
		9AE4EB742A78C8100071A7C7 /* MyCustomCell.swift */ = {isa = PBXFileReference; lastKnownFileType = sourcecode.swift; path = MyCustomCell.swift; sourceTree = "<group>"; };
		9AF1756C2F17390F00F02BCD /* ObservationiOS17DemoView.swift */ = {isa = PBXFileReference; lastKnownFileType = sourcecode.swift; path = ObservationiOS17DemoView.swift; sourceTree = "<group>"; };
/* End PBXFileReference section */

/* Begin PBXFrameworksBuildPhase section */
		9A28A7232A788C5600478870 /* Frameworks */ = {
			isa = PBXFrameworksBuildPhase;
			buildActionMask = 2147483647;
			files = (
			);
			runOnlyForDeploymentPostprocessing = 0;
		};
		9A28A7332A788C5B00478870 /* Frameworks */ = {
			isa = PBXFrameworksBuildPhase;
			buildActionMask = 2147483647;
			files = (
			);
			runOnlyForDeploymentPostprocessing = 0;
		};
		9A28A73D2A788C5B00478870 /* Frameworks */ = {
			isa = PBXFrameworksBuildPhase;
			buildActionMask = 2147483647;
			files = (
			);
			runOnlyForDeploymentPostprocessing = 0;
		};
/* End PBXFrameworksBuildPhase section */

/* Begin PBXGroup section */
		9A28A71D2A788C5600478870 = {
			isa = PBXGroup;
			children = (
				9A28A7282A788C5600478870 /* SwiftUI101 */,
				9A28A7392A788C5B00478870 /* SwiftUI101Tests */,
				9A28A7432A788C5B00478870 /* SwiftUI101UITests */,
				9A28A7272A788C5600478870 /* Products */,
			);
			sourceTree = "<group>";
		};
		9A28A7272A788C5600478870 /* Products */ = {
			isa = PBXGroup;
			children = (
				9A28A7262A788C5600478870 /* SwiftUI101.app */,
				9A28A7362A788C5B00478870 /* SwiftUI101Tests.xctest */,
				9A28A7402A788C5B00478870 /* SwiftUI101UITests.xctest */,
			);
			name = Products;
			sourceTree = "<group>";
		};
		9A28A7282A788C5600478870 /* SwiftUI101 */ = {
			isa = PBXGroup;
			children = (
				9A28A7292A788C5600478870 /* SwiftUI101App.swift */,
				9A28A72B2A788C5700478870 /* ContentView.swift */,
				9AE4EB742A78C8100071A7C7 /* MyCustomCell.swift */,
				9AAC09192F20885500C89A7C /* BindableSwiftUIView.swift */,
				9AF1756C2F17390F00F02BCD /* ObservationiOS17DemoView.swift */,
				9AAC09172F20673F00C89A7C /* EnvironmentExampleSwiftUIView.swift */,
				9A28A72D2A788C5A00478870 /* Assets.xcassets */,
				9A28A72F2A788C5A00478870 /* Preview Content */,
			);
			path = SwiftUI101;
			sourceTree = "<group>";
		};
		9A28A72F2A788C5A00478870 /* Preview Content */ = {
			isa = PBXGroup;
			children = (
				9A28A7302A788C5A00478870 /* Preview Assets.xcassets */,
			);
			path = "Preview Content";
			sourceTree = "<group>";
		};
		9A28A7392A788C5B00478870 /* SwiftUI101Tests */ = {
			isa = PBXGroup;
			children = (
				9A28A73A2A788C5B00478870 /* SwiftUI101Tests.swift */,
				9AAC09132F20487400C89A7C /* SwiftUI101DemoTests.swift */,
			);
			path = SwiftUI101Tests;
			sourceTree = "<group>";
		};
		9A28A7432A788C5B00478870 /* SwiftUI101UITests */ = {
			isa = PBXGroup;
			children = (
				9A28A7442A788C5B00478870 /* SwiftUI101UITests.swift */,
				9A28A7462A788C5B00478870 /* SwiftUI101UITestsLaunchTests.swift */,
			);
			path = SwiftUI101UITests;
			sourceTree = "<group>";
		};
/* End PBXGroup section */

/* Begin PBXNativeTarget section */
		9A28A7252A788C5600478870 /* SwiftUI101 */ = {
			isa = PBXNativeTarget;
			buildConfigurationList = 9A28A74A2A788C5B00478870 /* Build configuration list for PBXNativeTarget "SwiftUI101" */;
			buildPhases = (
				9A28A7222A788C5600478870 /* Sources */,
				9A28A7232A788C5600478870 /* Frameworks */,
				9A28A7242A788C5600478870 /* Resources */,
			);
			buildRules = (
			);
			dependencies = (
			);
			name = SwiftUI101;
			productName = SwiftUI101;
			productReference = 9A28A7262A788C5600478870 /* SwiftUI101.app */;
			productType = "com.apple.product-type.application";
		};
		9A28A7352A788C5B00478870 /* SwiftUI101Tests */ = {
			isa = PBXNativeTarget;
			buildConfigurationList = 9A28A74D2A788C5B00478870 /* Build configuration list for PBXNativeTarget "SwiftUI101Tests" */;
			buildPhases = (
				9A28A7322A788C5B00478870 /* Sources */,
				9A28A7332A788C5B00478870 /* Frameworks */,
				9A28A7342A788C5B00478870 /* Resources */,
			);
			buildRules = (
			);
			dependencies = (
				9A28A7382A788C5B00478870 /* PBXTargetDependency */,
			);
			name = SwiftUI101Tests;
			productName = SwiftUI101Tests;
			productReference = 9A28A7362A788C5B00478870 /* SwiftUI101Tests.xctest */;
			productType = "com.apple.product-type.bundle.unit-test";
		};
		9A28A73F2A788C5B00478870 /* SwiftUI101UITests */ = {
			isa = PBXNativeTarget;
			buildConfigurationList = 9A28A7502A788C5B00478870 /* Build configuration list for PBXNativeTarget "SwiftUI101UITests" */;
			buildPhases = (
				9A28A73C2A788C5B00478870 /* Sources */,
				9A28A73D2A788C5B00478870 /* Frameworks */,
				9A28A73E2A788C5B00478870 /* Resources */,
			);
			buildRules = (
			);
			dependencies = (
				9A28A7422A788C5B00478870 /* PBXTargetDependency */,
			);
			name = SwiftUI101UITests;
			productName = SwiftUI101UITests;
			productReference = 9A28A7402A788C5B00478870 /* SwiftUI101UITests.xctest */;
			productType = "com.apple.product-type.bundle.ui-testing";
		};
/* End PBXNativeTarget section */

/* Begin PBXProject section */
		9A28A71E2A788C5600478870 /* Project object */ = {
			isa = PBXProject;
			attributes = {
				BuildIndependentTargetsInParallel = 1;
				LastSwiftUpdateCheck = 1420;
				LastUpgradeCheck = 1420;
				TargetAttributes = {
					9A28A7252A788C5600478870 = {
						CreatedOnToolsVersion = 14.2;
					};
					9A28A7352A788C5B00478870 = {
						CreatedOnToolsVersion = 14.2;
						TestTargetID = 9A28A7252A788C5600478870;
					};
					9A28A73F2A788C5B00478870 = {
						CreatedOnToolsVersion = 14.2;
						TestTargetID = 9A28A7252A788C5600478870;
					};
				};
			};
			buildConfigurationList = 9A28A7212A788C5600478870 /* Build configuration list for PBXProject "SwiftUI101" */;
			compatibilityVersion = "Xcode 14.0";
			developmentRegion = en;
			hasScannedForEncodings = 0;
			knownRegions = (
				en,
				Base,
			);
			mainGroup = 9A28A71D2A788C5600478870;
			productRefGroup = 9A28A7272A788C5600478870 /* Products */;
			projectDirPath = "";
			projectRoot = "";
			targets = (
				9A28A7252A788C5600478870 /* SwiftUI101 */,
				9A28A7352A788C5B00478870 /* SwiftUI101Tests */,
				9A28A73F2A788C5B00478870 /* SwiftUI101UITests */,
			);
		};
/* End PBXProject section */

/* Begin PBXResourcesBuildPhase section */
		9A28A7242A788C5600478870 /* Resources */ = {
			isa = PBXResourcesBuildPhase;
			buildActionMask = 2147483647;
			files = (
				9A28A7312A788C5A00478870 /* Preview Assets.xcassets in Resources */,
				9A28A72E2A788C5A00478870 /* Assets.xcassets in Resources */,
			);
			runOnlyForDeploymentPostprocessing = 0;
		};
		9A28A7342A788C5B00478870 /* Resources */ = {
			isa = PBXResourcesBuildPhase;
			buildActionMask = 2147483647;
			files = (
			);
			runOnlyForDeploymentPostprocessing = 0;
		};
		9A28A73E2A788C5B00478870 /* Resources */ = {
			isa = PBXResourcesBuildPhase;
			buildActionMask = 2147483647;
			files = (
			);
			runOnlyForDeploymentPostprocessing = 0;
		};
/* End PBXResourcesBuildPhase section */

/* Begin PBXSourcesBuildPhase section */
		9A28A7222A788C5600478870 /* Sources */ = {
			isa = PBXSourcesBuildPhase;
			buildActionMask = 2147483647;
			files = (
				9AF1756D2F17391B00F02BCD /* ObservationiOS17DemoView.swift in Sources */,
				9AAC091A2F20885500C89A7C /* BindableSwiftUIView.swift in Sources */,
				9AE4EB752A78C8100071A7C7 /* MyCustomCell.swift in Sources */,
				9AAC09182F20673F00C89A7C /* EnvironmentExampleSwiftUIView.swift in Sources */,
				9A28A72C2A788C5700478870 /* ContentView.swift in Sources */,
				9A28A72A2A788C5600478870 /* SwiftUI101App.swift in Sources */,
			);
			runOnlyForDeploymentPostprocessing = 0;
		};
		9A28A7322A788C5B00478870 /* Sources */ = {
			isa = PBXSourcesBuildPhase;
			buildActionMask = 2147483647;
			files = (
				9A28A73B2A788C5B00478870 /* SwiftUI101Tests.swift in Sources */,
				9AAC09142F20487400C89A7C /* SwiftUI101DemoTests.swift in Sources */,
			);
			runOnlyForDeploymentPostprocessing = 0;
		};
		9A28A73C2A788C5B00478870 /* Sources */ = {
			isa = PBXSourcesBuildPhase;
			buildActionMask = 2147483647;
			files = (
				9A28A7452A788C5B00478870 /* SwiftUI101UITests.swift in Sources */,
				9A28A7472A788C5B00478870 /* SwiftUI101UITestsLaunchTests.swift in Sources */,
			);
			runOnlyForDeploymentPostprocessing = 0;
		};
/* End PBXSourcesBuildPhase section */

/* Begin PBXTargetDependency section */
		9A28A7382A788C5B00478870 /* PBXTargetDependency */ = {
			isa = PBXTargetDependency;
			target = 9A28A7252A788C5600478870 /* SwiftUI101 */;
			targetProxy = 9A28A7372A788C5B00478870 /* PBXContainerItemProxy */;
		};
		9A28A7422A788C5B00478870 /* PBXTargetDependency */ = {
			isa = PBXTargetDependency;
			target = 9A28A7252A788C5600478870 /* SwiftUI101 */;
			targetProxy = 9A28A7412A788C5B00478870 /* PBXContainerItemProxy */;
		};
/* End PBXTargetDependency section */

/* Begin XCBuildConfiguration section */
		9A28A7482A788C5B00478870 /* Debug */ = {
			isa = XCBuildConfiguration;
			buildSettings = {
				ALWAYS_SEARCH_USER_PATHS = NO;
				CLANG_ANALYZER_NONNULL = YES;
				CLANG_ANALYZER_NUMBER_OBJECT_CONVERSION = YES_AGGRESSIVE;
				CLANG_CXX_LANGUAGE_STANDARD = "gnu++20";
				CLANG_ENABLE_MODULES = YES;
				CLANG_ENABLE_OBJC_ARC = YES;
				CLANG_ENABLE_OBJC_WEAK = YES;
				CLANG_WARN_BLOCK_CAPTURE_AUTORELEASING = YES;
				CLANG_WARN_BOOL_CONVERSION = YES;
				CLANG_WARN_COMMA = YES;
				CLANG_WARN_CONSTANT_CONVERSION = YES;
				CLANG_WARN_DEPRECATED_OBJC_IMPLEMENTATIONS = YES;
				CLANG_WARN_DIRECT_OBJC_ISA_USAGE = YES_ERROR;
				CLANG_WARN_DOCUMENTATION_COMMENTS = YES;
				CLANG_WARN_EMPTY_BODY = YES;
				CLANG_WARN_ENUM_CONVERSION = YES;
				CLANG_WARN_INFINITE_RECURSION = YES;
				CLANG_WARN_INT_CONVERSION = YES;
				CLANG_WARN_NON_LITERAL_NULL_CONVERSION = YES;
				CLANG_WARN_OBJC_IMPLICIT_RETAIN_SELF = YES;
				CLANG_WARN_OBJC_LITERAL_CONVERSION = YES;
				CLANG_WARN_OBJC_ROOT_CLASS = YES_ERROR;
				CLANG_WARN_QUOTED_INCLUDE_IN_FRAMEWORK_HEADER = YES;
				CLANG_WARN_RANGE_LOOP_ANALYSIS = YES;
				CLANG_WARN_STRICT_PROTOTYPES = YES;
				CLANG_WARN_SUSPICIOUS_MOVE = YES;
				CLANG_WARN_UNGUARDED_AVAILABILITY = YES_AGGRESSIVE;
				CLANG_WARN_UNREACHABLE_CODE = YES;
				CLANG_WARN__DUPLICATE_METHOD_MATCH = YES;
				COPY_PHASE_STRIP = NO;
				DEBUG_INFORMATION_FORMAT = dwarf;
				ENABLE_STRICT_OBJC_MSGSEND = YES;
				ENABLE_TESTABILITY = YES;
				GCC_C_LANGUAGE_STANDARD = gnu11;
				GCC_DYNAMIC_NO_PIC = NO;
				GCC_NO_COMMON_BLOCKS = YES;
				GCC_OPTIMIZATION_LEVEL = 0;
				GCC_PREPROCESSOR_DEFINITIONS = (
					"DEBUG=1",
					"$(inherited)",
				);
				GCC_WARN_64_TO_32_BIT_CONVERSION = YES;
				GCC_WARN_ABOUT_RETURN_TYPE = YES_ERROR;
				GCC_WARN_UNDECLARED_SELECTOR = YES;
				GCC_WARN_UNINITIALIZED_AUTOS = YES_AGGRESSIVE;
				GCC_WARN_UNUSED_FUNCTION = YES;
				GCC_WARN_UNUSED_VARIABLE = YES;
				IPHONEOS_DEPLOYMENT_TARGET = 16.2;
				MTL_ENABLE_DEBUG_INFO = INCLUDE_SOURCE;
				MTL_FAST_MATH = YES;
				ONLY_ACTIVE_ARCH = YES;
				SDKROOT = iphoneos;
				SWIFT_ACTIVE_COMPILATION_CONDITIONS = DEBUG;
				SWIFT_OPTIMIZATION_LEVEL = "-Onone";
			};
			name = Debug;
		};
		9A28A7492A788C5B00478870 /* Release */ = {
			isa = XCBuildConfiguration;
			buildSettings = {
				ALWAYS_SEARCH_USER_PATHS = NO;
				CLANG_ANALYZER_NONNULL = YES;
				CLANG_ANALYZER_NUMBER_OBJECT_CONVERSION = YES_AGGRESSIVE;
				CLANG_CXX_LANGUAGE_STANDARD = "gnu++20";
				CLANG_ENABLE_MODULES = YES;
				CLANG_ENABLE_OBJC_ARC = YES;
				CLANG_ENABLE_OBJC_WEAK = YES;
				CLANG_WARN_BLOCK_CAPTURE_AUTORELEASING = YES;
				CLANG_WARN_BOOL_CONVERSION = YES;
				CLANG_WARN_COMMA = YES;
				CLANG_WARN_CONSTANT_CONVERSION = YES;
				CLANG_WARN_DEPRECATED_OBJC_IMPLEMENTATIONS = YES;
				CLANG_WARN_DIRECT_OBJC_ISA_USAGE = YES_ERROR;
				CLANG_WARN_DOCUMENTATION_COMMENTS = YES;
				CLANG_WARN_EMPTY_BODY = YES;
				CLANG_WARN_ENUM_CONVERSION = YES;
				CLANG_WARN_INFINITE_RECURSION = YES;
				CLANG_WARN_INT_CONVERSION = YES;
				CLANG_WARN_NON_LITERAL_NULL_CONVERSION = YES;
				CLANG_WARN_OBJC_IMPLICIT_RETAIN_SELF = YES;
				CLANG_WARN_OBJC_LITERAL_CONVERSION = YES;
				CLANG_WARN_OBJC_ROOT_CLASS = YES_ERROR;
				CLANG_WARN_QUOTED_INCLUDE_IN_FRAMEWORK_HEADER = YES;
				CLANG_WARN_RANGE_LOOP_ANALYSIS = YES;
				CLANG_WARN_STRICT_PROTOTYPES = YES;
				CLANG_WARN_SUSPICIOUS_MOVE = YES;
				CLANG_WARN_UNGUARDED_AVAILABILITY = YES_AGGRESSIVE;
				CLANG_WARN_UNREACHABLE_CODE = YES;
				CLANG_WARN__DUPLICATE_METHOD_MATCH = YES;
				COPY_PHASE_STRIP = NO;
				DEBUG_INFORMATION_FORMAT = "dwarf-with-dsym";
				ENABLE_NS_ASSERTIONS = NO;
				ENABLE_STRICT_OBJC_MSGSEND = YES;
				GCC_C_LANGUAGE_STANDARD = gnu11;
				GCC_NO_COMMON_BLOCKS = YES;
				GCC_WARN_64_TO_32_BIT_CONVERSION = YES;
				GCC_WARN_ABOUT_RETURN_TYPE = YES_ERROR;
				GCC_WARN_UNDECLARED_SELECTOR = YES;
				GCC_WARN_UNINITIALIZED_AUTOS = YES_AGGRESSIVE;
				GCC_WARN_UNUSED_FUNCTION = YES;
				GCC_WARN_UNUSED_VARIABLE = YES;
				IPHONEOS_DEPLOYMENT_TARGET = 16.2;
				MTL_ENABLE_DEBUG_INFO = NO;
				MTL_FAST_MATH = YES;
				SDKROOT = iphoneos;
				SWIFT_COMPILATION_MODE = wholemodule;
				SWIFT_OPTIMIZATION_LEVEL = "-O";
				VALIDATE_PRODUCT = YES;
			};
			name = Release;
		};
		9A28A74B2A788C5B00478870 /* Debug */ = {
			isa = XCBuildConfiguration;
			buildSettings = {
				ASSETCATALOG_COMPILER_APPICON_NAME = AppIcon;
				ASSETCATALOG_COMPILER_GLOBAL_ACCENT_COLOR_NAME = AccentColor;
				CODE_SIGN_STYLE = Automatic;
				CURRENT_PROJECT_VERSION = 1;
				DEVELOPMENT_ASSET_PATHS = "\"SwiftUI101/Preview Content\"";
				DEVELOPMENT_TEAM = A34NNDTR9F;
				ENABLE_PREVIEWS = YES;
				GENERATE_INFOPLIST_FILE = YES;
				INFOPLIST_KEY_UIApplicationSceneManifest_Generation = YES;
				INFOPLIST_KEY_UIApplicationSupportsIndirectInputEvents = YES;
				INFOPLIST_KEY_UILaunchScreen_Generation = YES;
				INFOPLIST_KEY_UISupportedInterfaceOrientations_iPad = "UIInterfaceOrientationPortrait UIInterfaceOrientationPortraitUpsideDown UIInterfaceOrientationLandscapeLeft UIInterfaceOrientationLandscapeRight";
				INFOPLIST_KEY_UISupportedInterfaceOrientations_iPhone = "UIInterfaceOrientationPortrait UIInterfaceOrientationLandscapeLeft UIInterfaceOrientationLandscapeRight";
				IPHONEOS_DEPLOYMENT_TARGET = 26.0;
				LD_RUNPATH_SEARCH_PATHS = (
					"$(inherited)",
					"@executable_path/Frameworks",
				);
				MARKETING_VERSION = 1.0;
				PRODUCT_BUNDLE_IDENTIFIER = com.chenyilong.SwiftUI101;
				PRODUCT_NAME = "$(TARGET_NAME)";
				SWIFT_EMIT_LOC_STRINGS = YES;
				SWIFT_VERSION = 5.0;
				TARGETED_DEVICE_FAMILY = "1,2";
			};
			name = Debug;
		};
		9A28A74C2A788C5B00478870 /* Release */ = {
			isa = XCBuildConfiguration;
			buildSettings = {
				ASSETCATALOG_COMPILER_APPICON_NAME = AppIcon;
				ASSETCATALOG_COMPILER_GLOBAL_ACCENT_COLOR_NAME = AccentColor;
				CODE_SIGN_STYLE = Automatic;
				CURRENT_PROJECT_VERSION = 1;
				DEVELOPMENT_ASSET_PATHS = "\"SwiftUI101/Preview Content\"";
				DEVELOPMENT_TEAM = A34NNDTR9F;
				ENABLE_PREVIEWS = YES;
				GENERATE_INFOPLIST_FILE = YES;
				INFOPLIST_KEY_UIApplicationSceneManifest_Generation = YES;
				INFOPLIST_KEY_UIApplicationSupportsIndirectInputEvents = YES;
				INFOPLIST_KEY_UILaunchScreen_Generation = YES;
				INFOPLIST_KEY_UISupportedInterfaceOrientations_iPad = "UIInterfaceOrientationPortrait UIInterfaceOrientationPortraitUpsideDown UIInterfaceOrientationLandscapeLeft UIInterfaceOrientationLandscapeRight";
				INFOPLIST_KEY_UISupportedInterfaceOrientations_iPhone = "UIInterfaceOrientationPortrait UIInterfaceOrientationLandscapeLeft UIInterfaceOrientationLandscapeRight";
				IPHONEOS_DEPLOYMENT_TARGET = 26.0;
				LD_RUNPATH_SEARCH_PATHS = (
					"$(inherited)",
					"@executable_path/Frameworks",
				);
				MARKETING_VERSION = 1.0;
				PRODUCT_BUNDLE_IDENTIFIER = com.chenyilong.SwiftUI101;
				PRODUCT_NAME = "$(TARGET_NAME)";
				SWIFT_EMIT_LOC_STRINGS = YES;
				SWIFT_VERSION = 5.0;
				TARGETED_DEVICE_FAMILY = "1,2";
			};
			name = Release;
		};
		9A28A74E2A788C5B00478870 /* Debug */ = {
			isa = XCBuildConfiguration;
			buildSettings = {
				ALWAYS_EMBED_SWIFT_STANDARD_LIBRARIES = YES;
				BUNDLE_LOADER = "$(TEST_HOST)";
				CODE_SIGN_STYLE = Automatic;
				CURRENT_PROJECT_VERSION = 1;
				DEVELOPMENT_TEAM = A34NNDTR9F;
				GENERATE_INFOPLIST_FILE = YES;
				IPHONEOS_DEPLOYMENT_TARGET = 16.2;
				MARKETING_VERSION = 1.0;
				PRODUCT_BUNDLE_IDENTIFIER = com.chenyilong.SwiftUI101Tests;
				PRODUCT_NAME = "$(TARGET_NAME)";
				SWIFT_EMIT_LOC_STRINGS = NO;
				SWIFT_VERSION = 5.0;
				TARGETED_DEVICE_FAMILY = "1,2";
				TEST_HOST = "$(BUILT_PRODUCTS_DIR)/SwiftUI101.app/$(BUNDLE_EXECUTABLE_FOLDER_PATH)/SwiftUI101";
			};
			name = Debug;
		};
		9A28A74F2A788C5B00478870 /* Release */ = {
			isa = XCBuildConfiguration;
			buildSettings = {
				ALWAYS_EMBED_SWIFT_STANDARD_LIBRARIES = YES;
				BUNDLE_LOADER = "$(TEST_HOST)";
				CODE_SIGN_STYLE = Automatic;
				CURRENT_PROJECT_VERSION = 1;
				DEVELOPMENT_TEAM = A34NNDTR9F;
				GENERATE_INFOPLIST_FILE = YES;
				IPHONEOS_DEPLOYMENT_TARGET = 16.2;
				MARKETING_VERSION = 1.0;
				PRODUCT_BUNDLE_IDENTIFIER = com.chenyilong.SwiftUI101Tests;
				PRODUCT_NAME = "$(TARGET_NAME)";
				SWIFT_EMIT_LOC_STRINGS = NO;
				SWIFT_VERSION = 5.0;
				TARGETED_DEVICE_FAMILY = "1,2";
				TEST_HOST = "$(BUILT_PRODUCTS_DIR)/SwiftUI101.app/$(BUNDLE_EXECUTABLE_FOLDER_PATH)/SwiftUI101";
			};
			name = Release;
		};
		9A28A7512A788C5B00478870 /* Debug */ = {
			isa = XCBuildConfiguration;
			buildSettings = {
				ALWAYS_EMBED_SWIFT_STANDARD_LIBRARIES = YES;
				CODE_SIGN_STYLE = Automatic;
				CURRENT_PROJECT_VERSION = 1;
				DEVELOPMENT_TEAM = A34NNDTR9F;
				GENERATE_INFOPLIST_FILE = YES;
				MARKETING_VERSION = 1.0;
				PRODUCT_BUNDLE_IDENTIFIER = com.chenyilong.SwiftUI101UITests;
				PRODUCT_NAME = "$(TARGET_NAME)";
				SWIFT_EMIT_LOC_STRINGS = NO;
				SWIFT_VERSION = 5.0;
				TARGETED_DEVICE_FAMILY = "1,2";
				TEST_TARGET_NAME = SwiftUI101;
			};
			name = Debug;
		};
		9A28A7522A788C5B00478870 /* Release */ = {
			isa = XCBuildConfiguration;
			buildSettings = {
				ALWAYS_EMBED_SWIFT_STANDARD_LIBRARIES = YES;
				CODE_SIGN_STYLE = Automatic;
				CURRENT_PROJECT_VERSION = 1;
				DEVELOPMENT_TEAM = A34NNDTR9F;
				GENERATE_INFOPLIST_FILE = YES;
				MARKETING_VERSION = 1.0;
				PRODUCT_BUNDLE_IDENTIFIER = com.chenyilong.SwiftUI101UITests;
				PRODUCT_NAME = "$(TARGET_NAME)";
				SWIFT_EMIT_LOC_STRINGS = NO;
				SWIFT_VERSION = 5.0;
				TARGETED_DEVICE_FAMILY = "1,2";
				TEST_TARGET_NAME = SwiftUI101;
			};
			name = Release;
		};
/* End XCBuildConfiguration section */

/* Begin XCConfigurationList section */
		9A28A7212A788C5600478870 /* Build configuration list for PBXProject "SwiftUI101" */ = {
			isa = XCConfigurationList;
			buildConfigurations = (
				9A28A7482A788C5B00478870 /* Debug */,
				9A28A7492A788C5B00478870 /* Release */,
			);
			defaultConfigurationIsVisible = 0;
			defaultConfigurationName = Release;
		};
		9A28A74A2A788C5B00478870 /* Build configuration list for PBXNativeTarget "SwiftUI101" */ = {
			isa = XCConfigurationList;
			buildConfigurations = (
				9A28A74B2A788C5B00478870 /* Debug */,
				9A28A74C2A788C5B00478870 /* Release */,
			);
			defaultConfigurationIsVisible = 0;
			defaultConfigurationName = Release;
		};
		9A28A74D2A788C5B00478870 /* Build configuration list for PBXNativeTarget "SwiftUI101Tests" */ = {
			isa = XCConfigurationList;
			buildConfigurations = (
				9A28A74E2A788C5B00478870 /* Debug */,
				9A28A74F2A788C5B00478870 /* Release */,
			);
			defaultConfigurationIsVisible = 0;
			defaultConfigurationName = Release;
		};
		9A28A7502A788C5B00478870 /* Build configuration list for PBXNativeTarget "SwiftUI101UITests" */ = {
			isa = XCConfigurationList;
			buildConfigurations = (
				9A28A7512A788C5B00478870 /* Debug */,
				9A28A7522A788C5B00478870 /* Release */,
			);
			defaultConfigurationIsVisible = 0;
			defaultConfigurationName = Release;
		};
/* End XCConfigurationList section */
	};
	rootObject = 9A28A71E2A788C5600478870 /* Project object */;
}
