// !$*UTF8*$!
{
	archiveVersion = 1;
	classes = {
	};
	objectVersion = 56;
	objects = {

/* Begin PBXBuildFile section */
		9A970F312C435CEB0043EC5E /* SwiftUIReduxApp.swift in Sources */ = {isa = PBXBuildFile; fileRef = 9A970F302C435CEB0043EC5E /* SwiftUIReduxApp.swift */; };
		9A970F332C435CEB0043EC5E /* ContentView.swift in Sources */ = {isa = PBXBuildFile; fileRef = 9A970F322C435CEB0043EC5E /* ContentView.swift */; };
		9A970F352C435CED0043EC5E /* Assets.xcassets in Resources */ = {isa = PBXBuildFile; fileRef = 9A970F342C435CED0043EC5E /* Assets.xcassets */; };
		9A970F382C435CED0043EC5E /* Preview Assets.xcassets in Resources */ = {isa = PBXBuildFile; fileRef = 9A970F372C435CED0043EC5E /* Preview Assets.xcassets */; };
		9A970F422C435CED0043EC5E /* SwiftUIReduxTests.swift in Sources */ = {isa = PBXBuildFile; fileRef = 9A970F412C435CED0043EC5E /* SwiftUIReduxTests.swift */; };
		9A970F4C2C435CED0043EC5E /* SwiftUIReduxUITests.swift in Sources */ = {isa = PBXBuildFile; fileRef = 9A970F4B2C435CED0043EC5E /* SwiftUIReduxUITests.swift */; };
		9A970F4E2C435CED0043EC5E /* SwiftUIReduxUITestsLaunchTests.swift in Sources */ = {isa = PBXBuildFile; fileRef = 9A970F4D2C435CED0043EC5E /* SwiftUIReduxUITestsLaunchTests.swift */; };
		9A970F5C2C435D170043EC5E /* Store.swift in Sources */ = {isa = PBXBuildFile; fileRef = 9A970F5B2C435D170043EC5E /* Store.swift */; };
/* End PBXBuildFile section */

/* Begin PBXContainerItemProxy section */
		9A970F3E2C435CED0043EC5E /* PBXContainerItemProxy */ = {
			isa = PBXContainerItemProxy;
			containerPortal = 9A970F252C435CEB0043EC5E /* Project object */;
			proxyType = 1;
			remoteGlobalIDString = 9A970F2C2C435CEB0043EC5E;
			remoteInfo = SwiftUIRedux;
		};
		9A970F482C435CED0043EC5E /* PBXContainerItemProxy */ = {
			isa = PBXContainerItemProxy;
			containerPortal = 9A970F252C435CEB0043EC5E /* Project object */;
			proxyType = 1;
			remoteGlobalIDString = 9A970F2C2C435CEB0043EC5E;
			remoteInfo = SwiftUIRedux;
		};
/* End PBXContainerItemProxy section */

/* Begin PBXFileReference section */
		9A970F2D2C435CEB0043EC5E /* SwiftUIRedux.app */ = {isa = PBXFileReference; explicitFileType = wrapper.application; includeInIndex = 0; path = SwiftUIRedux.app; sourceTree = BUILT_PRODUCTS_DIR; };
		9A970F302C435CEB0043EC5E /* SwiftUIReduxApp.swift */ = {isa = PBXFileReference; lastKnownFileType = sourcecode.swift; path = SwiftUIReduxApp.swift; sourceTree = "<group>"; };
		9A970F322C435CEB0043EC5E /* ContentView.swift */ = {isa = PBXFileReference; lastKnownFileType = sourcecode.swift; path = ContentView.swift; sourceTree = "<group>"; };
		9A970F342C435CED0043EC5E /* Assets.xcassets */ = {isa = PBXFileReference; lastKnownFileType = folder.assetcatalog; path = Assets.xcassets; sourceTree = "<group>"; };
		9A970F372C435CED0043EC5E /* Preview Assets.xcassets */ = {isa = PBXFileReference; lastKnownFileType = folder.assetcatalog; path = "Preview Assets.xcassets"; sourceTree = "<group>"; };
		9A970F3D2C435CED0043EC5E /* SwiftUIReduxTests.xctest */ = {isa = PBXFileReference; explicitFileType = wrapper.cfbundle; includeInIndex = 0; path = SwiftUIReduxTests.xctest; sourceTree = BUILT_PRODUCTS_DIR; };
		9A970F412C435CED0043EC5E /* SwiftUIReduxTests.swift */ = {isa = PBXFileReference; lastKnownFileType = sourcecode.swift; path = SwiftUIReduxTests.swift; sourceTree = "<group>"; };
		9A970F472C435CED0043EC5E /* SwiftUIReduxUITests.xctest */ = {isa = PBXFileReference; explicitFileType = wrapper.cfbundle; includeInIndex = 0; path = SwiftUIReduxUITests.xctest; sourceTree = BUILT_PRODUCTS_DIR; };
		9A970F4B2C435CED0043EC5E /* SwiftUIReduxUITests.swift */ = {isa = PBXFileReference; lastKnownFileType = sourcecode.swift; path = SwiftUIReduxUITests.swift; sourceTree = "<group>"; };
		9A970F4D2C435CED0043EC5E /* SwiftUIReduxUITestsLaunchTests.swift */ = {isa = PBXFileReference; lastKnownFileType = sourcecode.swift; path = SwiftUIReduxUITestsLaunchTests.swift; sourceTree = "<group>"; };
		9A970F5B2C435D170043EC5E /* Store.swift */ = {isa = PBXFileReference; lastKnownFileType = sourcecode.swift; path = Store.swift; sourceTree = "<group>"; };
/* End PBXFileReference section */

/* Begin PBXFrameworksBuildPhase section */
		9A970F2A2C435CEB0043EC5E /* Frameworks */ = {
			isa = PBXFrameworksBuildPhase;
			buildActionMask = 2147483647;
			files = (
			);
			runOnlyForDeploymentPostprocessing = 0;
		};
		9A970F3A2C435CED0043EC5E /* Frameworks */ = {
			isa = PBXFrameworksBuildPhase;
			buildActionMask = 2147483647;
			files = (
			);
			runOnlyForDeploymentPostprocessing = 0;
		};
		9A970F442C435CED0043EC5E /* Frameworks */ = {
			isa = PBXFrameworksBuildPhase;
			buildActionMask = 2147483647;
			files = (
			);
			runOnlyForDeploymentPostprocessing = 0;
		};
/* End PBXFrameworksBuildPhase section */

/* Begin PBXGroup section */
		9A970F242C435CEB0043EC5E = {
			isa = PBXGroup;
			children = (
				9A970F2F2C435CEB0043EC5E /* SwiftUIRedux */,
				9A970F402C435CED0043EC5E /* SwiftUIReduxTests */,
				9A970F4A2C435CED0043EC5E /* SwiftUIReduxUITests */,
				9A970F2E2C435CEB0043EC5E /* Products */,
			);
			sourceTree = "<group>";
		};
		9A970F2E2C435CEB0043EC5E /* Products */ = {
			isa = PBXGroup;
			children = (
				9A970F2D2C435CEB0043EC5E /* SwiftUIRedux.app */,
				9A970F3D2C435CED0043EC5E /* SwiftUIReduxTests.xctest */,
				9A970F472C435CED0043EC5E /* SwiftUIReduxUITests.xctest */,
			);
			name = Products;
			sourceTree = "<group>";
		};
		9A970F2F2C435CEB0043EC5E /* SwiftUIRedux */ = {
			isa = PBXGroup;
			children = (
				9A970F5A2C435D0B0043EC5E /* Store */,
				9A970F302C435CEB0043EC5E /* SwiftUIReduxApp.swift */,
				9A970F322C435CEB0043EC5E /* ContentView.swift */,
				9A970F342C435CED0043EC5E /* Assets.xcassets */,
				9A970F362C435CED0043EC5E /* Preview Content */,
			);
			path = SwiftUIRedux;
			sourceTree = "<group>";
		};
		9A970F362C435CED0043EC5E /* Preview Content */ = {
			isa = PBXGroup;
			children = (
				9A970F372C435CED0043EC5E /* Preview Assets.xcassets */,
			);
			path = "Preview Content";
			sourceTree = "<group>";
		};
		9A970F402C435CED0043EC5E /* SwiftUIReduxTests */ = {
			isa = PBXGroup;
			children = (
				9A970F412C435CED0043EC5E /* SwiftUIReduxTests.swift */,
			);
			path = SwiftUIReduxTests;
			sourceTree = "<group>";
		};
		9A970F4A2C435CED0043EC5E /* SwiftUIReduxUITests */ = {
			isa = PBXGroup;
			children = (
				9A970F4B2C435CED0043EC5E /* SwiftUIReduxUITests.swift */,
				9A970F4D2C435CED0043EC5E /* SwiftUIReduxUITestsLaunchTests.swift */,
			);
			path = SwiftUIReduxUITests;
			sourceTree = "<group>";
		};
		9A970F5A2C435D0B0043EC5E /* Store */ = {
			isa = PBXGroup;
			children = (
				9A970F5B2C435D170043EC5E /* Store.swift */,
			);
			path = Store;
			sourceTree = "<group>";
		};
/* End PBXGroup section */

/* Begin PBXNativeTarget section */
		9A970F2C2C435CEB0043EC5E /* SwiftUIRedux */ = {
			isa = PBXNativeTarget;
			buildConfigurationList = 9A970F512C435CED0043EC5E /* Build configuration list for PBXNativeTarget "SwiftUIRedux" */;
			buildPhases = (
				9A970F292C435CEB0043EC5E /* Sources */,
				9A970F2A2C435CEB0043EC5E /* Frameworks */,
				9A970F2B2C435CEB0043EC5E /* Resources */,
			);
			buildRules = (
			);
			dependencies = (
			);
			name = SwiftUIRedux;
			productName = SwiftUIRedux;
			productReference = 9A970F2D2C435CEB0043EC5E /* SwiftUIRedux.app */;
			productType = "com.apple.product-type.application";
		};
		9A970F3C2C435CED0043EC5E /* SwiftUIReduxTests */ = {
			isa = PBXNativeTarget;
			buildConfigurationList = 9A970F542C435CED0043EC5E /* Build configuration list for PBXNativeTarget "SwiftUIReduxTests" */;
			buildPhases = (
				9A970F392C435CED0043EC5E /* Sources */,
				9A970F3A2C435CED0043EC5E /* Frameworks */,
				9A970F3B2C435CED0043EC5E /* Resources */,
			);
			buildRules = (
			);
			dependencies = (
				9A970F3F2C435CED0043EC5E /* PBXTargetDependency */,
			);
			name = SwiftUIReduxTests;
			productName = SwiftUIReduxTests;
			productReference = 9A970F3D2C435CED0043EC5E /* SwiftUIReduxTests.xctest */;
			productType = "com.apple.product-type.bundle.unit-test";
		};
		9A970F462C435CED0043EC5E /* SwiftUIReduxUITests */ = {
			isa = PBXNativeTarget;
			buildConfigurationList = 9A970F572C435CED0043EC5E /* Build configuration list for PBXNativeTarget "SwiftUIReduxUITests" */;
			buildPhases = (
				9A970F432C435CED0043EC5E /* Sources */,
				9A970F442C435CED0043EC5E /* Frameworks */,
				9A970F452C435CED0043EC5E /* Resources */,
			);
			buildRules = (
			);
			dependencies = (
				9A970F492C435CED0043EC5E /* PBXTargetDependency */,
			);
			name = SwiftUIReduxUITests;
			productName = SwiftUIReduxUITests;
			productReference = 9A970F472C435CED0043EC5E /* SwiftUIReduxUITests.xctest */;
			productType = "com.apple.product-type.bundle.ui-testing";
		};
/* End PBXNativeTarget section */

/* Begin PBXProject section */
		9A970F252C435CEB0043EC5E /* Project object */ = {
			isa = PBXProject;
			attributes = {
				BuildIndependentTargetsInParallel = 1;
				LastSwiftUpdateCheck = 1420;
				LastUpgradeCheck = 1420;
				TargetAttributes = {
					9A970F2C2C435CEB0043EC5E = {
						CreatedOnToolsVersion = 14.2;
					};
					9A970F3C2C435CED0043EC5E = {
						CreatedOnToolsVersion = 14.2;
						TestTargetID = 9A970F2C2C435CEB0043EC5E;
					};
					9A970F462C435CED0043EC5E = {
						CreatedOnToolsVersion = 14.2;
						TestTargetID = 9A970F2C2C435CEB0043EC5E;
					};
				};
			};
			buildConfigurationList = 9A970F282C435CEB0043EC5E /* Build configuration list for PBXProject "SwiftUIRedux" */;
			compatibilityVersion = "Xcode 14.0";
			developmentRegion = en;
			hasScannedForEncodings = 0;
			knownRegions = (
				en,
				Base,
			);
			mainGroup = 9A970F242C435CEB0043EC5E;
			productRefGroup = 9A970F2E2C435CEB0043EC5E /* Products */;
			projectDirPath = "";
			projectRoot = "";
			targets = (
				9A970F2C2C435CEB0043EC5E /* SwiftUIRedux */,
				9A970F3C2C435CED0043EC5E /* SwiftUIReduxTests */,
				9A970F462C435CED0043EC5E /* SwiftUIReduxUITests */,
			);
		};
/* End PBXProject section */

/* Begin PBXResourcesBuildPhase section */
		9A970F2B2C435CEB0043EC5E /* Resources */ = {
			isa = PBXResourcesBuildPhase;
			buildActionMask = 2147483647;
			files = (
				9A970F382C435CED0043EC5E /* Preview Assets.xcassets in Resources */,
				9A970F352C435CED0043EC5E /* Assets.xcassets in Resources */,
			);
			runOnlyForDeploymentPostprocessing = 0;
		};
		9A970F3B2C435CED0043EC5E /* Resources */ = {
			isa = PBXResourcesBuildPhase;
			buildActionMask = 2147483647;
			files = (
			);
			runOnlyForDeploymentPostprocessing = 0;
		};
		9A970F452C435CED0043EC5E /* Resources */ = {
			isa = PBXResourcesBuildPhase;
			buildActionMask = 2147483647;
			files = (
			);
			runOnlyForDeploymentPostprocessing = 0;
		};
/* End PBXResourcesBuildPhase section */

/* Begin PBXSourcesBuildPhase section */
		9A970F292C435CEB0043EC5E /* Sources */ = {
			isa = PBXSourcesBuildPhase;
			buildActionMask = 2147483647;
			files = (
				9A970F5C2C435D170043EC5E /* Store.swift in Sources */,
				9A970F332C435CEB0043EC5E /* ContentView.swift in Sources */,
				9A970F312C435CEB0043EC5E /* SwiftUIReduxApp.swift in Sources */,
			);
			runOnlyForDeploymentPostprocessing = 0;
		};
		9A970F392C435CED0043EC5E /* Sources */ = {
			isa = PBXSourcesBuildPhase;
			buildActionMask = 2147483647;
			files = (
				9A970F422C435CED0043EC5E /* SwiftUIReduxTests.swift in Sources */,
			);
			runOnlyForDeploymentPostprocessing = 0;
		};
		9A970F432C435CED0043EC5E /* Sources */ = {
			isa = PBXSourcesBuildPhase;
			buildActionMask = 2147483647;
			files = (
				9A970F4C2C435CED0043EC5E /* SwiftUIReduxUITests.swift in Sources */,
				9A970F4E2C435CED0043EC5E /* SwiftUIReduxUITestsLaunchTests.swift in Sources */,
			);
			runOnlyForDeploymentPostprocessing = 0;
		};
/* End PBXSourcesBuildPhase section */

/* Begin PBXTargetDependency section */
		9A970F3F2C435CED0043EC5E /* PBXTargetDependency */ = {
			isa = PBXTargetDependency;
			target = 9A970F2C2C435CEB0043EC5E /* SwiftUIRedux */;
			targetProxy = 9A970F3E2C435CED0043EC5E /* PBXContainerItemProxy */;
		};
		9A970F492C435CED0043EC5E /* PBXTargetDependency */ = {
			isa = PBXTargetDependency;
			target = 9A970F2C2C435CEB0043EC5E /* SwiftUIRedux */;
			targetProxy = 9A970F482C435CED0043EC5E /* PBXContainerItemProxy */;
		};
/* End PBXTargetDependency section */

/* Begin XCBuildConfiguration section */
		9A970F4F2C435CED0043EC5E /* Debug */ = {
			isa = XCBuildConfiguration;
			buildSettings = {
				ALWAYS_SEARCH_USER_PATHS = NO;
				CLANG_ANALYZER_NONNULL = YES;
				CLANG_ANALYZER_NUMBER_OBJECT_CONVERSION = YES_AGGRESSIVE;
				CLANG_CXX_LANGUAGE_STANDARD = "gnu++20";
				CLANG_ENABLE_MODULES = YES;
				CLANG_ENABLE_OBJC_ARC = YES;
				CLANG_ENABLE_OBJC_WEAK = YES;
				CLANG_WARN_BLOCK_CAPTURE_AUTORELEASING = YES;
				CLANG_WARN_BOOL_CONVERSION = YES;
				CLANG_WARN_COMMA = YES;
				CLANG_WARN_CONSTANT_CONVERSION = YES;
				CLANG_WARN_DEPRECATED_OBJC_IMPLEMENTATIONS = YES;
				CLANG_WARN_DIRECT_OBJC_ISA_USAGE = YES_ERROR;
				CLANG_WARN_DOCUMENTATION_COMMENTS = YES;
				CLANG_WARN_EMPTY_BODY = YES;
				CLANG_WARN_ENUM_CONVERSION = YES;
				CLANG_WARN_INFINITE_RECURSION = YES;
				CLANG_WARN_INT_CONVERSION = YES;
				CLANG_WARN_NON_LITERAL_NULL_CONVERSION = YES;
				CLANG_WARN_OBJC_IMPLICIT_RETAIN_SELF = YES;
				CLANG_WARN_OBJC_LITERAL_CONVERSION = YES;
				CLANG_WARN_OBJC_ROOT_CLASS = YES_ERROR;
				CLANG_WARN_QUOTED_INCLUDE_IN_FRAMEWORK_HEADER = YES;
				CLANG_WARN_RANGE_LOOP_ANALYSIS = YES;
				CLANG_WARN_STRICT_PROTOTYPES = YES;
				CLANG_WARN_SUSPICIOUS_MOVE = YES;
				CLANG_WARN_UNGUARDED_AVAILABILITY = YES_AGGRESSIVE;
				CLANG_WARN_UNREACHABLE_CODE = YES;
				CLANG_WARN__DUPLICATE_METHOD_MATCH = YES;
				COPY_PHASE_STRIP = NO;
				DEBUG_INFORMATION_FORMAT = dwarf;
				ENABLE_STRICT_OBJC_MSGSEND = YES;
				ENABLE_TESTABILITY = YES;
				GCC_C_LANGUAGE_STANDARD = gnu11;
				GCC_DYNAMIC_NO_PIC = NO;
				GCC_NO_COMMON_BLOCKS = YES;
				GCC_OPTIMIZATION_LEVEL = 0;
				GCC_PREPROCESSOR_DEFINITIONS = (
					"DEBUG=1",
					"$(inherited)",
				);
				GCC_WARN_64_TO_32_BIT_CONVERSION = YES;
				GCC_WARN_ABOUT_RETURN_TYPE = YES_ERROR;
				GCC_WARN_UNDECLARED_SELECTOR = YES;
				GCC_WARN_UNINITIALIZED_AUTOS = YES_AGGRESSIVE;
				GCC_WARN_UNUSED_FUNCTION = YES;
				GCC_WARN_UNUSED_VARIABLE = YES;
				IPHONEOS_DEPLOYMENT_TARGET = 16.2;
				MTL_ENABLE_DEBUG_INFO = INCLUDE_SOURCE;
				MTL_FAST_MATH = YES;
				ONLY_ACTIVE_ARCH = YES;
				SDKROOT = iphoneos;
				SWIFT_ACTIVE_COMPILATION_CONDITIONS = DEBUG;
				SWIFT_OPTIMIZATION_LEVEL = "-Onone";
			};
			name = Debug;
		};
		9A970F502C435CED0043EC5E /* Release */ = {
			isa = XCBuildConfiguration;
			buildSettings = {
				ALWAYS_SEARCH_USER_PATHS = NO;
				CLANG_ANALYZER_NONNULL = YES;
				CLANG_ANALYZER_NUMBER_OBJECT_CONVERSION = YES_AGGRESSIVE;
				CLANG_CXX_LANGUAGE_STANDARD = "gnu++20";
				CLANG_ENABLE_MODULES = YES;
				CLANG_ENABLE_OBJC_ARC = YES;
				CLANG_ENABLE_OBJC_WEAK = YES;
				CLANG_WARN_BLOCK_CAPTURE_AUTORELEASING = YES;
				CLANG_WARN_BOOL_CONVERSION = YES;
				CLANG_WARN_COMMA = YES;
				CLANG_WARN_CONSTANT_CONVERSION = YES;
				CLANG_WARN_DEPRECATED_OBJC_IMPLEMENTATIONS = YES;
				CLANG_WARN_DIRECT_OBJC_ISA_USAGE = YES_ERROR;
				CLANG_WARN_DOCUMENTATION_COMMENTS = YES;
				CLANG_WARN_EMPTY_BODY = YES;
				CLANG_WARN_ENUM_CONVERSION = YES;
				CLANG_WARN_INFINITE_RECURSION = YES;
				CLANG_WARN_INT_CONVERSION = YES;
				CLANG_WARN_NON_LITERAL_NULL_CONVERSION = YES;
				CLANG_WARN_OBJC_IMPLICIT_RETAIN_SELF = YES;
				CLANG_WARN_OBJC_LITERAL_CONVERSION = YES;
				CLANG_WARN_OBJC_ROOT_CLASS = YES_ERROR;
				CLANG_WARN_QUOTED_INCLUDE_IN_FRAMEWORK_HEADER = YES;
				CLANG_WARN_RANGE_LOOP_ANALYSIS = YES;
				CLANG_WARN_STRICT_PROTOTYPES = YES;
				CLANG_WARN_SUSPICIOUS_MOVE = YES;
				CLANG_WARN_UNGUARDED_AVAILABILITY = YES_AGGRESSIVE;
				CLANG_WARN_UNREACHABLE_CODE = YES;
				CLANG_WARN__DUPLICATE_METHOD_MATCH = YES;
				COPY_PHASE_STRIP = NO;
				DEBUG_INFORMATION_FORMAT = "dwarf-with-dsym";
				ENABLE_NS_ASSERTIONS = NO;
				ENABLE_STRICT_OBJC_MSGSEND = YES;
				GCC_C_LANGUAGE_STANDARD = gnu11;
				GCC_NO_COMMON_BLOCKS = YES;
				GCC_WARN_64_TO_32_BIT_CONVERSION = YES;
				GCC_WARN_ABOUT_RETURN_TYPE = YES_ERROR;
				GCC_WARN_UNDECLARED_SELECTOR = YES;
				GCC_WARN_UNINITIALIZED_AUTOS = YES_AGGRESSIVE;
				GCC_WARN_UNUSED_FUNCTION = YES;
				GCC_WARN_UNUSED_VARIABLE = YES;
				IPHONEOS_DEPLOYMENT_TARGET = 16.2;
				MTL_ENABLE_DEBUG_INFO = NO;
				MTL_FAST_MATH = YES;
				SDKROOT = iphoneos;
				SWIFT_COMPILATION_MODE = wholemodule;
				SWIFT_OPTIMIZATION_LEVEL = "-O";
				VALIDATE_PRODUCT = YES;
			};
			name = Release;
		};
		9A970F522C435CED0043EC5E /* Debug */ = {
			isa = XCBuildConfiguration;
			buildSettings = {
				ASSETCATALOG_COMPILER_APPICON_NAME = AppIcon;
				ASSETCATALOG_COMPILER_GLOBAL_ACCENT_COLOR_NAME = AccentColor;
				CODE_SIGN_STYLE = Automatic;
				CURRENT_PROJECT_VERSION = 1;
				DEVELOPMENT_ASSET_PATHS = "\"SwiftUIRedux/Preview Content\"";
				DEVELOPMENT_TEAM = A34NNDTR9F;
				ENABLE_PREVIEWS = YES;
				GENERATE_INFOPLIST_FILE = YES;
				INFOPLIST_KEY_UIApplicationSceneManifest_Generation = YES;
				INFOPLIST_KEY_UIApplicationSupportsIndirectInputEvents = YES;
				INFOPLIST_KEY_UILaunchScreen_Generation = YES;
				INFOPLIST_KEY_UISupportedInterfaceOrientations_iPad = "UIInterfaceOrientationPortrait UIInterfaceOrientationPortraitUpsideDown UIInterfaceOrientationLandscapeLeft UIInterfaceOrientationLandscapeRight";
				INFOPLIST_KEY_UISupportedInterfaceOrientations_iPhone = "UIInterfaceOrientationPortrait UIInterfaceOrientationLandscapeLeft UIInterfaceOrientationLandscapeRight";
				LD_RUNPATH_SEARCH_PATHS = (
					"$(inherited)",
					"@executable_path/Frameworks",
				);
				MARKETING_VERSION = 1.0;
				PRODUCT_BUNDLE_IDENTIFIER = com.chenyilong.SwiftUIRedux;
				PRODUCT_NAME = "$(TARGET_NAME)";
				SWIFT_EMIT_LOC_STRINGS = YES;
				SWIFT_VERSION = 5.0;
				TARGETED_DEVICE_FAMILY = "1,2";
			};
			name = Debug;
		};
		9A970F532C435CED0043EC5E /* Release */ = {
			isa = XCBuildConfiguration;
			buildSettings = {
				ASSETCATALOG_COMPILER_APPICON_NAME = AppIcon;
				ASSETCATALOG_COMPILER_GLOBAL_ACCENT_COLOR_NAME = AccentColor;
				CODE_SIGN_STYLE = Automatic;
				CURRENT_PROJECT_VERSION = 1;
				DEVELOPMENT_ASSET_PATHS = "\"SwiftUIRedux/Preview Content\"";
				DEVELOPMENT_TEAM = A34NNDTR9F;
				ENABLE_PREVIEWS = YES;
				GENERATE_INFOPLIST_FILE = YES;
				INFOPLIST_KEY_UIApplicationSceneManifest_Generation = YES;
				INFOPLIST_KEY_UIApplicationSupportsIndirectInputEvents = YES;
				INFOPLIST_KEY_UILaunchScreen_Generation = YES;
				INFOPLIST_KEY_UISupportedInterfaceOrientations_iPad = "UIInterfaceOrientationPortrait UIInterfaceOrientationPortraitUpsideDown UIInterfaceOrientationLandscapeLeft UIInterfaceOrientationLandscapeRight";
				INFOPLIST_KEY_UISupportedInterfaceOrientations_iPhone = "UIInterfaceOrientationPortrait UIInterfaceOrientationLandscapeLeft UIInterfaceOrientationLandscapeRight";
				LD_RUNPATH_SEARCH_PATHS = (
					"$(inherited)",
					"@executable_path/Frameworks",
				);
				MARKETING_VERSION = 1.0;
				PRODUCT_BUNDLE_IDENTIFIER = com.chenyilong.SwiftUIRedux;
				PRODUCT_NAME = "$(TARGET_NAME)";
				SWIFT_EMIT_LOC_STRINGS = YES;
				SWIFT_VERSION = 5.0;
				TARGETED_DEVICE_FAMILY = "1,2";
			};
			name = Release;
		};
		9A970F552C435CED0043EC5E /* Debug */ = {
			isa = XCBuildConfiguration;
			buildSettings = {
				ALWAYS_EMBED_SWIFT_STANDARD_LIBRARIES = YES;
				BUNDLE_LOADER = "$(TEST_HOST)";
				CODE_SIGN_STYLE = Automatic;
				CURRENT_PROJECT_VERSION = 1;
				DEVELOPMENT_TEAM = A34NNDTR9F;
				GENERATE_INFOPLIST_FILE = YES;
				IPHONEOS_DEPLOYMENT_TARGET = 16.2;
				MARKETING_VERSION = 1.0;
				PRODUCT_BUNDLE_IDENTIFIER = com.chenyilong.SwiftUIReduxTests;
				PRODUCT_NAME = "$(TARGET_NAME)";
				SWIFT_EMIT_LOC_STRINGS = NO;
				SWIFT_VERSION = 5.0;
				TARGETED_DEVICE_FAMILY = "1,2";
				TEST_HOST = "$(BUILT_PRODUCTS_DIR)/SwiftUIRedux.app/$(BUNDLE_EXECUTABLE_FOLDER_PATH)/SwiftUIRedux";
			};
			name = Debug;
		};
		9A970F562C435CED0043EC5E /* Release */ = {
			isa = XCBuildConfiguration;
			buildSettings = {
				ALWAYS_EMBED_SWIFT_STANDARD_LIBRARIES = YES;
				BUNDLE_LOADER = "$(TEST_HOST)";
				CODE_SIGN_STYLE = Automatic;
				CURRENT_PROJECT_VERSION = 1;
				DEVELOPMENT_TEAM = A34NNDTR9F;
				GENERATE_INFOPLIST_FILE = YES;
				IPHONEOS_DEPLOYMENT_TARGET = 16.2;
				MARKETING_VERSION = 1.0;
				PRODUCT_BUNDLE_IDENTIFIER = com.chenyilong.SwiftUIReduxTests;
				PRODUCT_NAME = "$(TARGET_NAME)";
				SWIFT_EMIT_LOC_STRINGS = NO;
				SWIFT_VERSION = 5.0;
				TARGETED_DEVICE_FAMILY = "1,2";
				TEST_HOST = "$(BUILT_PRODUCTS_DIR)/SwiftUIRedux.app/$(BUNDLE_EXECUTABLE_FOLDER_PATH)/SwiftUIRedux";
			};
			name = Release;
		};
		9A970F582C435CED0043EC5E /* Debug */ = {
			isa = XCBuildConfiguration;
			buildSettings = {
				ALWAYS_EMBED_SWIFT_STANDARD_LIBRARIES = YES;
				CODE_SIGN_STYLE = Automatic;
				CURRENT_PROJECT_VERSION = 1;
				DEVELOPMENT_TEAM = A34NNDTR9F;
				GENERATE_INFOPLIST_FILE = YES;
				MARKETING_VERSION = 1.0;
				PRODUCT_BUNDLE_IDENTIFIER = com.chenyilong.SwiftUIReduxUITests;
				PRODUCT_NAME = "$(TARGET_NAME)";
				SWIFT_EMIT_LOC_STRINGS = NO;
				SWIFT_VERSION = 5.0;
				TARGETED_DEVICE_FAMILY = "1,2";
				TEST_TARGET_NAME = SwiftUIRedux;
			};
			name = Debug;
		};
		9A970F592C435CED0043EC5E /* Release */ = {
			isa = XCBuildConfiguration;
			buildSettings = {
				ALWAYS_EMBED_SWIFT_STANDARD_LIBRARIES = YES;
				CODE_SIGN_STYLE = Automatic;
				CURRENT_PROJECT_VERSION = 1;
				DEVELOPMENT_TEAM = A34NNDTR9F;
				GENERATE_INFOPLIST_FILE = YES;
				MARKETING_VERSION = 1.0;
				PRODUCT_BUNDLE_IDENTIFIER = com.chenyilong.SwiftUIReduxUITests;
				PRODUCT_NAME = "$(TARGET_NAME)";
				SWIFT_EMIT_LOC_STRINGS = NO;
				SWIFT_VERSION = 5.0;
				TARGETED_DEVICE_FAMILY = "1,2";
				TEST_TARGET_NAME = SwiftUIRedux;
			};
			name = Release;
		};
/* End XCBuildConfiguration section */

/* Begin XCConfigurationList section */
		9A970F282C435CEB0043EC5E /* Build configuration list for PBXProject "SwiftUIRedux" */ = {
			isa = XCConfigurationList;
			buildConfigurations = (
				9A970F4F2C435CED0043EC5E /* Debug */,
				9A970F502C435CED0043EC5E /* Release */,
			);
			defaultConfigurationIsVisible = 0;
			defaultConfigurationName = Release;
		};
		9A970F512C435CED0043EC5E /* Build configuration list for PBXNativeTarget "SwiftUIRedux" */ = {
			isa = XCConfigurationList;
			buildConfigurations = (
				9A970F522C435CED0043EC5E /* Debug */,
				9A970F532C435CED0043EC5E /* Release */,
			);
			defaultConfigurationIsVisible = 0;
			defaultConfigurationName = Release;
		};
		9A970F542C435CED0043EC5E /* Build configuration list for PBXNativeTarget "SwiftUIReduxTests" */ = {
			isa = XCConfigurationList;
			buildConfigurations = (
				9A970F552C435CED0043EC5E /* Debug */,
				9A970F562C435CED0043EC5E /* Release */,
			);
			defaultConfigurationIsVisible = 0;
			defaultConfigurationName = Release;
		};
		9A970F572C435CED0043EC5E /* Build configuration list for PBXNativeTarget "SwiftUIReduxUITests" */ = {
			isa = XCConfigurationList;
			buildConfigurations = (
				9A970F582C435CED0043EC5E /* Debug */,
				9A970F592C435CED0043EC5E /* Release */,
			);
			defaultConfigurationIsVisible = 0;
			defaultConfigurationName = Release;
		};
/* End XCConfigurationList section */
	};
	rootObject = 9A970F252C435CEB0043EC5E /* Project object */;
}
