// !$*UTF8*$!
{
	archiveVersion = 1;
	classes = {
	};
	objectVersion = 55;
	objects = {

/* Begin PBXBuildFile section */
		9AA398C028B2EE2C00838C1E /* PhotoAlbumGeneratorApp.swift in Sources */ = {isa = PBXBuildFile; fileRef = 9AA398BF28B2EE2C00838C1E /* PhotoAlbumGeneratorApp.swift */; };
		9AA398C228B2EE2C00838C1E /* ContentView.swift in Sources */ = {isa = PBXBuildFile; fileRef = 9AA398C128B2EE2C00838C1E /* ContentView.swift */; };
		9AA398C428B2EE2D00838C1E /* Assets.xcassets in Resources */ = {isa = PBXBuildFile; fileRef = 9AA398C328B2EE2D00838C1E /* Assets.xcassets */; };
		9AA398C728B2EE2D00838C1E /* Preview Assets.xcassets in Resources */ = {isa = PBXBuildFile; fileRef = 9AA398C628B2EE2D00838C1E /* Preview Assets.xcassets */; };
		9AA398D128B2EE2E00838C1E /* PhotoAlbumGeneratorTests.swift in Sources */ = {isa = PBXBuildFile; fileRef = 9AA398D028B2EE2E00838C1E /* PhotoAlbumGeneratorTests.swift */; };
		9AA398DB28B2EE2E00838C1E /* PhotoAlbumGeneratorUITests.swift in Sources */ = {isa = PBXBuildFile; fileRef = 9AA398DA28B2EE2E00838C1E /* PhotoAlbumGeneratorUITests.swift */; };
		9AA398DD28B2EE2E00838C1E /* PhotoAlbumGeneratorUITestsLaunchTests.swift in Sources */ = {isa = PBXBuildFile; fileRef = 9AA398DC28B2EE2E00838C1E /* PhotoAlbumGeneratorUITestsLaunchTests.swift */; };
/* End PBXBuildFile section */

/* Begin PBXContainerItemProxy section */
		9AA398CD28B2EE2E00838C1E /* PBXContainerItemProxy */ = {
			isa = PBXContainerItemProxy;
			containerPortal = 9AA398B428B2EE2C00838C1E /* Project object */;
			proxyType = 1;
			remoteGlobalIDString = 9AA398BB28B2EE2C00838C1E;
			remoteInfo = PhotoAlbumGenerator;
		};
		9AA398D728B2EE2E00838C1E /* PBXContainerItemProxy */ = {
			isa = PBXContainerItemProxy;
			containerPortal = 9AA398B428B2EE2C00838C1E /* Project object */;
			proxyType = 1;
			remoteGlobalIDString = 9AA398BB28B2EE2C00838C1E;
			remoteInfo = PhotoAlbumGenerator;
		};
/* End PBXContainerItemProxy section */

/* Begin PBXFileReference section */
		9AA398BC28B2EE2C00838C1E /* PhotoAlbumGenerator.app */ = {isa = PBXFileReference; explicitFileType = wrapper.application; includeInIndex = 0; path = PhotoAlbumGenerator.app; sourceTree = BUILT_PRODUCTS_DIR; };
		9AA398BF28B2EE2C00838C1E /* PhotoAlbumGeneratorApp.swift */ = {isa = PBXFileReference; lastKnownFileType = sourcecode.swift; path = PhotoAlbumGeneratorApp.swift; sourceTree = "<group>"; };
		9AA398C128B2EE2C00838C1E /* ContentView.swift */ = {isa = PBXFileReference; lastKnownFileType = sourcecode.swift; path = ContentView.swift; sourceTree = "<group>"; };
		9AA398C328B2EE2D00838C1E /* Assets.xcassets */ = {isa = PBXFileReference; lastKnownFileType = folder.assetcatalog; path = Assets.xcassets; sourceTree = "<group>"; };
		9AA398C628B2EE2D00838C1E /* Preview Assets.xcassets */ = {isa = PBXFileReference; lastKnownFileType = folder.assetcatalog; path = "Preview Assets.xcassets"; sourceTree = "<group>"; };
		9AA398CC28B2EE2E00838C1E /* PhotoAlbumGeneratorTests.xctest */ = {isa = PBXFileReference; explicitFileType = wrapper.cfbundle; includeInIndex = 0; path = PhotoAlbumGeneratorTests.xctest; sourceTree = BUILT_PRODUCTS_DIR; };
		9AA398D028B2EE2E00838C1E /* PhotoAlbumGeneratorTests.swift */ = {isa = PBXFileReference; lastKnownFileType = sourcecode.swift; path = PhotoAlbumGeneratorTests.swift; sourceTree = "<group>"; };
		9AA398D628B2EE2E00838C1E /* PhotoAlbumGeneratorUITests.xctest */ = {isa = PBXFileReference; explicitFileType = wrapper.cfbundle; includeInIndex = 0; path = PhotoAlbumGeneratorUITests.xctest; sourceTree = BUILT_PRODUCTS_DIR; };
		9AA398DA28B2EE2E00838C1E /* PhotoAlbumGeneratorUITests.swift */ = {isa = PBXFileReference; lastKnownFileType = sourcecode.swift; path = PhotoAlbumGeneratorUITests.swift; sourceTree = "<group>"; };
		9AA398DC28B2EE2E00838C1E /* PhotoAlbumGeneratorUITestsLaunchTests.swift */ = {isa = PBXFileReference; lastKnownFileType = sourcecode.swift; path = PhotoAlbumGeneratorUITestsLaunchTests.swift; sourceTree = "<group>"; };
/* End PBXFileReference section */

/* Begin PBXFrameworksBuildPhase section */
		9AA398B928B2EE2C00838C1E /* Frameworks */ = {
			isa = PBXFrameworksBuildPhase;
			buildActionMask = 2147483647;
			files = (
			);
			runOnlyForDeploymentPostprocessing = 0;
		};
		9AA398C928B2EE2E00838C1E /* Frameworks */ = {
			isa = PBXFrameworksBuildPhase;
			buildActionMask = 2147483647;
			files = (
			);
			runOnlyForDeploymentPostprocessing = 0;
		};
		9AA398D328B2EE2E00838C1E /* Frameworks */ = {
			isa = PBXFrameworksBuildPhase;
			buildActionMask = 2147483647;
			files = (
			);
			runOnlyForDeploymentPostprocessing = 0;
		};
/* End PBXFrameworksBuildPhase section */

/* Begin PBXGroup section */
		9AA398B328B2EE2C00838C1E = {
			isa = PBXGroup;
			children = (
				9AA398BE28B2EE2C00838C1E /* PhotoAlbumGenerator */,
				9AA398CF28B2EE2E00838C1E /* PhotoAlbumGeneratorTests */,
				9AA398D928B2EE2E00838C1E /* PhotoAlbumGeneratorUITests */,
				9AA398BD28B2EE2C00838C1E /* Products */,
			);
			sourceTree = "<group>";
		};
		9AA398BD28B2EE2C00838C1E /* Products */ = {
			isa = PBXGroup;
			children = (
				9AA398BC28B2EE2C00838C1E /* PhotoAlbumGenerator.app */,
				9AA398CC28B2EE2E00838C1E /* PhotoAlbumGeneratorTests.xctest */,
				9AA398D628B2EE2E00838C1E /* PhotoAlbumGeneratorUITests.xctest */,
			);
			name = Products;
			sourceTree = "<group>";
		};
		9AA398BE28B2EE2C00838C1E /* PhotoAlbumGenerator */ = {
			isa = PBXGroup;
			children = (
				9AA398BF28B2EE2C00838C1E /* PhotoAlbumGeneratorApp.swift */,
				9AA398C128B2EE2C00838C1E /* ContentView.swift */,
				9AA398C328B2EE2D00838C1E /* Assets.xcassets */,
				9AA398C528B2EE2D00838C1E /* Preview Content */,
			);
			path = PhotoAlbumGenerator;
			sourceTree = "<group>";
		};
		9AA398C528B2EE2D00838C1E /* Preview Content */ = {
			isa = PBXGroup;
			children = (
				9AA398C628B2EE2D00838C1E /* Preview Assets.xcassets */,
			);
			path = "Preview Content";
			sourceTree = "<group>";
		};
		9AA398CF28B2EE2E00838C1E /* PhotoAlbumGeneratorTests */ = {
			isa = PBXGroup;
			children = (
				9AA398D028B2EE2E00838C1E /* PhotoAlbumGeneratorTests.swift */,
			);
			path = PhotoAlbumGeneratorTests;
			sourceTree = "<group>";
		};
		9AA398D928B2EE2E00838C1E /* PhotoAlbumGeneratorUITests */ = {
			isa = PBXGroup;
			children = (
				9AA398DA28B2EE2E00838C1E /* PhotoAlbumGeneratorUITests.swift */,
				9AA398DC28B2EE2E00838C1E /* PhotoAlbumGeneratorUITestsLaunchTests.swift */,
			);
			path = PhotoAlbumGeneratorUITests;
			sourceTree = "<group>";
		};
/* End PBXGroup section */

/* Begin PBXNativeTarget section */
		9AA398BB28B2EE2C00838C1E /* PhotoAlbumGenerator */ = {
			isa = PBXNativeTarget;
			buildConfigurationList = 9AA398E028B2EE2E00838C1E /* Build configuration list for PBXNativeTarget "PhotoAlbumGenerator" */;
			buildPhases = (
				9AA398B828B2EE2C00838C1E /* Sources */,
				9AA398B928B2EE2C00838C1E /* Frameworks */,
				9AA398BA28B2EE2C00838C1E /* Resources */,
			);
			buildRules = (
			);
			dependencies = (
			);
			name = PhotoAlbumGenerator;
			productName = PhotoAlbumGenerator;
			productReference = 9AA398BC28B2EE2C00838C1E /* PhotoAlbumGenerator.app */;
			productType = "com.apple.product-type.application";
		};
		9AA398CB28B2EE2E00838C1E /* PhotoAlbumGeneratorTests */ = {
			isa = PBXNativeTarget;
			buildConfigurationList = 9AA398E328B2EE2E00838C1E /* Build configuration list for PBXNativeTarget "PhotoAlbumGeneratorTests" */;
			buildPhases = (
				9AA398C828B2EE2E00838C1E /* Sources */,
				9AA398C928B2EE2E00838C1E /* Frameworks */,
				9AA398CA28B2EE2E00838C1E /* Resources */,
			);
			buildRules = (
			);
			dependencies = (
				9AA398CE28B2EE2E00838C1E /* PBXTargetDependency */,
			);
			name = PhotoAlbumGeneratorTests;
			productName = PhotoAlbumGeneratorTests;
			productReference = 9AA398CC28B2EE2E00838C1E /* PhotoAlbumGeneratorTests.xctest */;
			productType = "com.apple.product-type.bundle.unit-test";
		};
		9AA398D528B2EE2E00838C1E /* PhotoAlbumGeneratorUITests */ = {
			isa = PBXNativeTarget;
			buildConfigurationList = 9AA398E628B2EE2E00838C1E /* Build configuration list for PBXNativeTarget "PhotoAlbumGeneratorUITests" */;
			buildPhases = (
				9AA398D228B2EE2E00838C1E /* Sources */,
				9AA398D328B2EE2E00838C1E /* Frameworks */,
				9AA398D428B2EE2E00838C1E /* Resources */,
			);
			buildRules = (
			);
			dependencies = (
				9AA398D828B2EE2E00838C1E /* PBXTargetDependency */,
			);
			name = PhotoAlbumGeneratorUITests;
			productName = PhotoAlbumGeneratorUITests;
			productReference = 9AA398D628B2EE2E00838C1E /* PhotoAlbumGeneratorUITests.xctest */;
			productType = "com.apple.product-type.bundle.ui-testing";
		};
/* End PBXNativeTarget section */

/* Begin PBXProject section */
		9AA398B428B2EE2C00838C1E /* Project object */ = {
			isa = PBXProject;
			attributes = {
				BuildIndependentTargetsInParallel = 1;
				LastSwiftUpdateCheck = 1340;
				LastUpgradeCheck = 1340;
				TargetAttributes = {
					9AA398BB28B2EE2C00838C1E = {
						CreatedOnToolsVersion = 13.4.1;
					};
					9AA398CB28B2EE2E00838C1E = {
						CreatedOnToolsVersion = 13.4.1;
						TestTargetID = 9AA398BB28B2EE2C00838C1E;
					};
					9AA398D528B2EE2E00838C1E = {
						CreatedOnToolsVersion = 13.4.1;
						TestTargetID = 9AA398BB28B2EE2C00838C1E;
					};
				};
			};
			buildConfigurationList = 9AA398B728B2EE2C00838C1E /* Build configuration list for PBXProject "PhotoAlbumGenerator" */;
			compatibilityVersion = "Xcode 13.0";
			developmentRegion = en;
			hasScannedForEncodings = 0;
			knownRegions = (
				en,
				Base,
			);
			mainGroup = 9AA398B328B2EE2C00838C1E;
			productRefGroup = 9AA398BD28B2EE2C00838C1E /* Products */;
			projectDirPath = "";
			projectRoot = "";
			targets = (
				9AA398BB28B2EE2C00838C1E /* PhotoAlbumGenerator */,
				9AA398CB28B2EE2E00838C1E /* PhotoAlbumGeneratorTests */,
				9AA398D528B2EE2E00838C1E /* PhotoAlbumGeneratorUITests */,
			);
		};
/* End PBXProject section */

/* Begin PBXResourcesBuildPhase section */
		9AA398BA28B2EE2C00838C1E /* Resources */ = {
			isa = PBXResourcesBuildPhase;
			buildActionMask = 2147483647;
			files = (
				9AA398C728B2EE2D00838C1E /* Preview Assets.xcassets in Resources */,
				9AA398C428B2EE2D00838C1E /* Assets.xcassets in Resources */,
			);
			runOnlyForDeploymentPostprocessing = 0;
		};
		9AA398CA28B2EE2E00838C1E /* Resources */ = {
			isa = PBXResourcesBuildPhase;
			buildActionMask = 2147483647;
			files = (
			);
			runOnlyForDeploymentPostprocessing = 0;
		};
		9AA398D428B2EE2E00838C1E /* Resources */ = {
			isa = PBXResourcesBuildPhase;
			buildActionMask = 2147483647;
			files = (
			);
			runOnlyForDeploymentPostprocessing = 0;
		};
/* End PBXResourcesBuildPhase section */

/* Begin PBXSourcesBuildPhase section */
		9AA398B828B2EE2C00838C1E /* Sources */ = {
			isa = PBXSourcesBuildPhase;
			buildActionMask = 2147483647;
			files = (
				9AA398C228B2EE2C00838C1E /* ContentView.swift in Sources */,
				9AA398C028B2EE2C00838C1E /* PhotoAlbumGeneratorApp.swift in Sources */,
			);
			runOnlyForDeploymentPostprocessing = 0;
		};
		9AA398C828B2EE2E00838C1E /* Sources */ = {
			isa = PBXSourcesBuildPhase;
			buildActionMask = 2147483647;
			files = (
				9AA398D128B2EE2E00838C1E /* PhotoAlbumGeneratorTests.swift in Sources */,
			);
			runOnlyForDeploymentPostprocessing = 0;
		};
		9AA398D228B2EE2E00838C1E /* Sources */ = {
			isa = PBXSourcesBuildPhase;
			buildActionMask = 2147483647;
			files = (
				9AA398DB28B2EE2E00838C1E /* PhotoAlbumGeneratorUITests.swift in Sources */,
				9AA398DD28B2EE2E00838C1E /* PhotoAlbumGeneratorUITestsLaunchTests.swift in Sources */,
			);
			runOnlyForDeploymentPostprocessing = 0;
		};
/* End PBXSourcesBuildPhase section */

/* Begin PBXTargetDependency section */
		9AA398CE28B2EE2E00838C1E /* PBXTargetDependency */ = {
			isa = PBXTargetDependency;
			target = 9AA398BB28B2EE2C00838C1E /* PhotoAlbumGenerator */;
			targetProxy = 9AA398CD28B2EE2E00838C1E /* PBXContainerItemProxy */;
		};
		9AA398D828B2EE2E00838C1E /* PBXTargetDependency */ = {
			isa = PBXTargetDependency;
			target = 9AA398BB28B2EE2C00838C1E /* PhotoAlbumGenerator */;
			targetProxy = 9AA398D728B2EE2E00838C1E /* PBXContainerItemProxy */;
		};
/* End PBXTargetDependency section */

/* Begin XCBuildConfiguration section */
		9AA398DE28B2EE2E00838C1E /* Debug */ = {
			isa = XCBuildConfiguration;
			buildSettings = {
				ALWAYS_SEARCH_USER_PATHS = NO;
				CLANG_ANALYZER_NONNULL = YES;
				CLANG_ANALYZER_NUMBER_OBJECT_CONVERSION = YES_AGGRESSIVE;
				CLANG_CXX_LANGUAGE_STANDARD = "gnu++17";
				CLANG_ENABLE_MODULES = YES;
				CLANG_ENABLE_OBJC_ARC = YES;
				CLANG_ENABLE_OBJC_WEAK = YES;
				CLANG_WARN_BLOCK_CAPTURE_AUTORELEASING = YES;
				CLANG_WARN_BOOL_CONVERSION = YES;
				CLANG_WARN_COMMA = YES;
				CLANG_WARN_CONSTANT_CONVERSION = YES;
				CLANG_WARN_DEPRECATED_OBJC_IMPLEMENTATIONS = YES;
				CLANG_WARN_DIRECT_OBJC_ISA_USAGE = YES_ERROR;
				CLANG_WARN_DOCUMENTATION_COMMENTS = YES;
				CLANG_WARN_EMPTY_BODY = YES;
				CLANG_WARN_ENUM_CONVERSION = YES;
				CLANG_WARN_INFINITE_RECURSION = YES;
				CLANG_WARN_INT_CONVERSION = YES;
				CLANG_WARN_NON_LITERAL_NULL_CONVERSION = YES;
				CLANG_WARN_OBJC_IMPLICIT_RETAIN_SELF = YES;
				CLANG_WARN_OBJC_LITERAL_CONVERSION = YES;
				CLANG_WARN_OBJC_ROOT_CLASS = YES_ERROR;
				CLANG_WARN_QUOTED_INCLUDE_IN_FRAMEWORK_HEADER = YES;
				CLANG_WARN_RANGE_LOOP_ANALYSIS = YES;
				CLANG_WARN_STRICT_PROTOTYPES = YES;
				CLANG_WARN_SUSPICIOUS_MOVE = YES;
				CLANG_WARN_UNGUARDED_AVAILABILITY = YES_AGGRESSIVE;
				CLANG_WARN_UNREACHABLE_CODE = YES;
				CLANG_WARN__DUPLICATE_METHOD_MATCH = YES;
				COPY_PHASE_STRIP = NO;
				DEBUG_INFORMATION_FORMAT = dwarf;
				ENABLE_STRICT_OBJC_MSGSEND = YES;
				ENABLE_TESTABILITY = YES;
				GCC_C_LANGUAGE_STANDARD = gnu11;
				GCC_DYNAMIC_NO_PIC = NO;
				GCC_NO_COMMON_BLOCKS = YES;
				GCC_OPTIMIZATION_LEVEL = 0;
				GCC_PREPROCESSOR_DEFINITIONS = (
					"DEBUG=1",
					"$(inherited)",
				);
				GCC_WARN_64_TO_32_BIT_CONVERSION = YES;
				GCC_WARN_ABOUT_RETURN_TYPE = YES_ERROR;
				GCC_WARN_UNDECLARED_SELECTOR = YES;
				GCC_WARN_UNINITIALIZED_AUTOS = YES_AGGRESSIVE;
				GCC_WARN_UNUSED_FUNCTION = YES;
				GCC_WARN_UNUSED_VARIABLE = YES;
				IPHONEOS_DEPLOYMENT_TARGET = 15.5;
				MTL_ENABLE_DEBUG_INFO = INCLUDE_SOURCE;
				MTL_FAST_MATH = YES;
				ONLY_ACTIVE_ARCH = YES;
				SDKROOT = iphoneos;
				SWIFT_ACTIVE_COMPILATION_CONDITIONS = DEBUG;
				SWIFT_OPTIMIZATION_LEVEL = "-Onone";
			};
			name = Debug;
		};
		9AA398DF28B2EE2E00838C1E /* Release */ = {
			isa = XCBuildConfiguration;
			buildSettings = {
				ALWAYS_SEARCH_USER_PATHS = NO;
				CLANG_ANALYZER_NONNULL = YES;
				CLANG_ANALYZER_NUMBER_OBJECT_CONVERSION = YES_AGGRESSIVE;
				CLANG_CXX_LANGUAGE_STANDARD = "gnu++17";
				CLANG_ENABLE_MODULES = YES;
				CLANG_ENABLE_OBJC_ARC = YES;
				CLANG_ENABLE_OBJC_WEAK = YES;
				CLANG_WARN_BLOCK_CAPTURE_AUTORELEASING = YES;
				CLANG_WARN_BOOL_CONVERSION = YES;
				CLANG_WARN_COMMA = YES;
				CLANG_WARN_CONSTANT_CONVERSION = YES;
				CLANG_WARN_DEPRECATED_OBJC_IMPLEMENTATIONS = YES;
				CLANG_WARN_DIRECT_OBJC_ISA_USAGE = YES_ERROR;
				CLANG_WARN_DOCUMENTATION_COMMENTS = YES;
				CLANG_WARN_EMPTY_BODY = YES;
				CLANG_WARN_ENUM_CONVERSION = YES;
				CLANG_WARN_INFINITE_RECURSION = YES;
				CLANG_WARN_INT_CONVERSION = YES;
				CLANG_WARN_NON_LITERAL_NULL_CONVERSION = YES;
				CLANG_WARN_OBJC_IMPLICIT_RETAIN_SELF = YES;
				CLANG_WARN_OBJC_LITERAL_CONVERSION = YES;
				CLANG_WARN_OBJC_ROOT_CLASS = YES_ERROR;
				CLANG_WARN_QUOTED_INCLUDE_IN_FRAMEWORK_HEADER = YES;
				CLANG_WARN_RANGE_LOOP_ANALYSIS = YES;
				CLANG_WARN_STRICT_PROTOTYPES = YES;
				CLANG_WARN_SUSPICIOUS_MOVE = YES;
				CLANG_WARN_UNGUARDED_AVAILABILITY = YES_AGGRESSIVE;
				CLANG_WARN_UNREACHABLE_CODE = YES;
				CLANG_WARN__DUPLICATE_METHOD_MATCH = YES;
				COPY_PHASE_STRIP = NO;
				DEBUG_INFORMATION_FORMAT = "dwarf-with-dsym";
				ENABLE_NS_ASSERTIONS = NO;
				ENABLE_STRICT_OBJC_MSGSEND = YES;
				GCC_C_LANGUAGE_STANDARD = gnu11;
				GCC_NO_COMMON_BLOCKS = YES;
				GCC_WARN_64_TO_32_BIT_CONVERSION = YES;
				GCC_WARN_ABOUT_RETURN_TYPE = YES_ERROR;
				GCC_WARN_UNDECLARED_SELECTOR = YES;
				GCC_WARN_UNINITIALIZED_AUTOS = YES_AGGRESSIVE;
				GCC_WARN_UNUSED_FUNCTION = YES;
				GCC_WARN_UNUSED_VARIABLE = YES;
				IPHONEOS_DEPLOYMENT_TARGET = 15.5;
				MTL_ENABLE_DEBUG_INFO = NO;
				MTL_FAST_MATH = YES;
				SDKROOT = iphoneos;
				SWIFT_COMPILATION_MODE = wholemodule;
				SWIFT_OPTIMIZATION_LEVEL = "-O";
				VALIDATE_PRODUCT = YES;
			};
			name = Release;
		};
		9AA398E128B2EE2E00838C1E /* Debug */ = {
			isa = XCBuildConfiguration;
			buildSettings = {
				ASSETCATALOG_COMPILER_APPICON_NAME = AppIcon;
				ASSETCATALOG_COMPILER_GLOBAL_ACCENT_COLOR_NAME = AccentColor;
				CODE_SIGN_STYLE = Automatic;
				CURRENT_PROJECT_VERSION = 1;
				DEVELOPMENT_ASSET_PATHS = "\"PhotoAlbumGenerator/Preview Content\"";
				DEVELOPMENT_TEAM = A34NNDTR9F;
				ENABLE_PREVIEWS = YES;
				GENERATE_INFOPLIST_FILE = YES;
				INFOPLIST_KEY_UIApplicationSceneManifest_Generation = YES;
				INFOPLIST_KEY_UIApplicationSupportsIndirectInputEvents = YES;
				INFOPLIST_KEY_UILaunchScreen_Generation = YES;
				INFOPLIST_KEY_UISupportedInterfaceOrientations_iPad = "UIInterfaceOrientationPortrait UIInterfaceOrientationPortraitUpsideDown UIInterfaceOrientationLandscapeLeft UIInterfaceOrientationLandscapeRight";
				INFOPLIST_KEY_UISupportedInterfaceOrientations_iPhone = "UIInterfaceOrientationPortrait UIInterfaceOrientationLandscapeLeft UIInterfaceOrientationLandscapeRight";
				LD_RUNPATH_SEARCH_PATHS = (
					"$(inherited)",
					"@executable_path/Frameworks",
				);
				MARKETING_VERSION = 1.0;
				PRODUCT_BUNDLE_IDENTIFIER = com.PhotoAlbumGenerator.chenyilong.PhotoAlbumGenerator;
				PRODUCT_NAME = "$(TARGET_NAME)";
				SWIFT_EMIT_LOC_STRINGS = YES;
				SWIFT_VERSION = 5.0;
				TARGETED_DEVICE_FAMILY = "1,2";
			};
			name = Debug;
		};
		9AA398E228B2EE2E00838C1E /* Release */ = {
			isa = XCBuildConfiguration;
			buildSettings = {
				ASSETCATALOG_COMPILER_APPICON_NAME = AppIcon;
				ASSETCATALOG_COMPILER_GLOBAL_ACCENT_COLOR_NAME = AccentColor;
				CODE_SIGN_STYLE = Automatic;
				CURRENT_PROJECT_VERSION = 1;
				DEVELOPMENT_ASSET_PATHS = "\"PhotoAlbumGenerator/Preview Content\"";
				DEVELOPMENT_TEAM = A34NNDTR9F;
				ENABLE_PREVIEWS = YES;
				GENERATE_INFOPLIST_FILE = YES;
				INFOPLIST_KEY_UIApplicationSceneManifest_Generation = YES;
				INFOPLIST_KEY_UIApplicationSupportsIndirectInputEvents = YES;
				INFOPLIST_KEY_UILaunchScreen_Generation = YES;
				INFOPLIST_KEY_UISupportedInterfaceOrientations_iPad = "UIInterfaceOrientationPortrait UIInterfaceOrientationPortraitUpsideDown UIInterfaceOrientationLandscapeLeft UIInterfaceOrientationLandscapeRight";
				INFOPLIST_KEY_UISupportedInterfaceOrientations_iPhone = "UIInterfaceOrientationPortrait UIInterfaceOrientationLandscapeLeft UIInterfaceOrientationLandscapeRight";
				LD_RUNPATH_SEARCH_PATHS = (
					"$(inherited)",
					"@executable_path/Frameworks",
				);
				MARKETING_VERSION = 1.0;
				PRODUCT_BUNDLE_IDENTIFIER = com.PhotoAlbumGenerator.chenyilong.PhotoAlbumGenerator;
				PRODUCT_NAME = "$(TARGET_NAME)";
				SWIFT_EMIT_LOC_STRINGS = YES;
				SWIFT_VERSION = 5.0;
				TARGETED_DEVICE_FAMILY = "1,2";
			};
			name = Release;
		};
		9AA398E428B2EE2E00838C1E /* Debug */ = {
			isa = XCBuildConfiguration;
			buildSettings = {
				ALWAYS_EMBED_SWIFT_STANDARD_LIBRARIES = YES;
				BUNDLE_LOADER = "$(TEST_HOST)";
				CODE_SIGN_STYLE = Automatic;
				CURRENT_PROJECT_VERSION = 1;
				DEVELOPMENT_TEAM = A34NNDTR9F;
				GENERATE_INFOPLIST_FILE = YES;
				IPHONEOS_DEPLOYMENT_TARGET = 15.5;
				MARKETING_VERSION = 1.0;
				PRODUCT_BUNDLE_IDENTIFIER = com.PhotoAlbumGenerator.chenyilong.PhotoAlbumGeneratorTests;
				PRODUCT_NAME = "$(TARGET_NAME)";
				SWIFT_EMIT_LOC_STRINGS = NO;
				SWIFT_VERSION = 5.0;
				TARGETED_DEVICE_FAMILY = "1,2";
				TEST_HOST = "$(BUILT_PRODUCTS_DIR)/PhotoAlbumGenerator.app/PhotoAlbumGenerator";
			};
			name = Debug;
		};
		9AA398E528B2EE2E00838C1E /* Release */ = {
			isa = XCBuildConfiguration;
			buildSettings = {
				ALWAYS_EMBED_SWIFT_STANDARD_LIBRARIES = YES;
				BUNDLE_LOADER = "$(TEST_HOST)";
				CODE_SIGN_STYLE = Automatic;
				CURRENT_PROJECT_VERSION = 1;
				DEVELOPMENT_TEAM = A34NNDTR9F;
				GENERATE_INFOPLIST_FILE = YES;
				IPHONEOS_DEPLOYMENT_TARGET = 15.5;
				MARKETING_VERSION = 1.0;
				PRODUCT_BUNDLE_IDENTIFIER = com.PhotoAlbumGenerator.chenyilong.PhotoAlbumGeneratorTests;
				PRODUCT_NAME = "$(TARGET_NAME)";
				SWIFT_EMIT_LOC_STRINGS = NO;
				SWIFT_VERSION = 5.0;
				TARGETED_DEVICE_FAMILY = "1,2";
				TEST_HOST = "$(BUILT_PRODUCTS_DIR)/PhotoAlbumGenerator.app/PhotoAlbumGenerator";
			};
			name = Release;
		};
		9AA398E728B2EE2E00838C1E /* Debug */ = {
			isa = XCBuildConfiguration;
			buildSettings = {
				ALWAYS_EMBED_SWIFT_STANDARD_LIBRARIES = YES;
				CODE_SIGN_STYLE = Automatic;
				CURRENT_PROJECT_VERSION = 1;
				DEVELOPMENT_TEAM = A34NNDTR9F;
				GENERATE_INFOPLIST_FILE = YES;
				MARKETING_VERSION = 1.0;
				PRODUCT_BUNDLE_IDENTIFIER = com.PhotoAlbumGenerator.chenyilong.PhotoAlbumGeneratorUITests;
				PRODUCT_NAME = "$(TARGET_NAME)";
				SWIFT_EMIT_LOC_STRINGS = NO;
				SWIFT_VERSION = 5.0;
				TARGETED_DEVICE_FAMILY = "1,2";
				TEST_TARGET_NAME = PhotoAlbumGenerator;
			};
			name = Debug;
		};
		9AA398E828B2EE2E00838C1E /* Release */ = {
			isa = XCBuildConfiguration;
			buildSettings = {
				ALWAYS_EMBED_SWIFT_STANDARD_LIBRARIES = YES;
				CODE_SIGN_STYLE = Automatic;
				CURRENT_PROJECT_VERSION = 1;
				DEVELOPMENT_TEAM = A34NNDTR9F;
				GENERATE_INFOPLIST_FILE = YES;
				MARKETING_VERSION = 1.0;
				PRODUCT_BUNDLE_IDENTIFIER = com.PhotoAlbumGenerator.chenyilong.PhotoAlbumGeneratorUITests;
				PRODUCT_NAME = "$(TARGET_NAME)";
				SWIFT_EMIT_LOC_STRINGS = NO;
				SWIFT_VERSION = 5.0;
				TARGETED_DEVICE_FAMILY = "1,2";
				TEST_TARGET_NAME = PhotoAlbumGenerator;
			};
			name = Release;
		};
/* End XCBuildConfiguration section */

/* Begin XCConfigurationList section */
		9AA398B728B2EE2C00838C1E /* Build configuration list for PBXProject "PhotoAlbumGenerator" */ = {
			isa = XCConfigurationList;
			buildConfigurations = (
				9AA398DE28B2EE2E00838C1E /* Debug */,
				9AA398DF28B2EE2E00838C1E /* Release */,
			);
			defaultConfigurationIsVisible = 0;
			defaultConfigurationName = Release;
		};
		9AA398E028B2EE2E00838C1E /* Build configuration list for PBXNativeTarget "PhotoAlbumGenerator" */ = {
			isa = XCConfigurationList;
			buildConfigurations = (
				9AA398E128B2EE2E00838C1E /* Debug */,
				9AA398E228B2EE2E00838C1E /* Release */,
			);
			defaultConfigurationIsVisible = 0;
			defaultConfigurationName = Release;
		};
		9AA398E328B2EE2E00838C1E /* Build configuration list for PBXNativeTarget "PhotoAlbumGeneratorTests" */ = {
			isa = XCConfigurationList;
			buildConfigurations = (
				9AA398E428B2EE2E00838C1E /* Debug */,
				9AA398E528B2EE2E00838C1E /* Release */,
			);
			defaultConfigurationIsVisible = 0;
			defaultConfigurationName = Release;
		};
		9AA398E628B2EE2E00838C1E /* Build configuration list for PBXNativeTarget "PhotoAlbumGeneratorUITests" */ = {
			isa = XCConfigurationList;
			buildConfigurations = (
				9AA398E728B2EE2E00838C1E /* Debug */,
				9AA398E828B2EE2E00838C1E /* Release */,
			);
			defaultConfigurationIsVisible = 0;
			defaultConfigurationName = Release;
		};
/* End XCConfigurationList section */
	};
	rootObject = 9AA398B428B2EE2C00838C1E /* Project object */;
}
