// !$*UTF8*$!
{
	archiveVersion = 1;
	classes = {
	};
	objectVersion = 50;
	objects = {

/* Begin PBXBuildFile section */
		9AC995372487DC510097E1D6 /* AppDelegate.m in Sources */ = {isa = PBXBuildFile; fileRef = 9AC995362487DC510097E1D6 /* AppDelegate.m */; };
		9AC9953A2487DC510097E1D6 /* SceneDelegate.m in Sources */ = {isa = PBXBuildFile; fileRef = 9AC995392487DC510097E1D6 /* SceneDelegate.m */; };
		9AC9953D2487DC510097E1D6 /* ViewController.m in Sources */ = {isa = PBXBuildFile; fileRef = 9AC9953C2487DC510097E1D6 /* ViewController.m */; };
		9AC995402487DC510097E1D6 /* Main.storyboard in Resources */ = {isa = PBXBuildFile; fileRef = 9AC9953E2487DC510097E1D6 /* Main.storyboard */; };
		9AC995422487DC520097E1D6 /* Assets.xcassets in Resources */ = {isa = PBXBuildFile; fileRef = 9AC995412487DC520097E1D6 /* Assets.xcassets */; };
		9AC995452487DC520097E1D6 /* LaunchScreen.storyboard in Resources */ = {isa = PBXBuildFile; fileRef = 9AC995432487DC520097E1D6 /* LaunchScreen.storyboard */; };
		9AC995482487DC520097E1D6 /* main.m in Sources */ = {isa = PBXBuildFile; fileRef = 9AC995472487DC520097E1D6 /* main.m */; };
		9AC995522487DC530097E1D6 /* Demo_38_block_edit_varTests.m in Sources */ = {isa = PBXBuildFile; fileRef = 9AC995512487DC530097E1D6 /* Demo_38_block_edit_varTests.m */; };
		9AC9955D2487DC530097E1D6 /* Demo_38_block_edit_varUITests.m in Sources */ = {isa = PBXBuildFile; fileRef = 9AC9955C2487DC530097E1D6 /* Demo_38_block_edit_varUITests.m */; };
/* End PBXBuildFile section */

/* Begin PBXContainerItemProxy section */
		9AC9954E2487DC520097E1D6 /* PBXContainerItemProxy */ = {
			isa = PBXContainerItemProxy;
			containerPortal = 9AC9952A2487DC510097E1D6 /* Project object */;
			proxyType = 1;
			remoteGlobalIDString = 9AC995312487DC510097E1D6;
			remoteInfo = Demo_38_block_edit_var;
		};
		9AC995592487DC530097E1D6 /* PBXContainerItemProxy */ = {
			isa = PBXContainerItemProxy;
			containerPortal = 9AC9952A2487DC510097E1D6 /* Project object */;
			proxyType = 1;
			remoteGlobalIDString = 9AC995312487DC510097E1D6;
			remoteInfo = Demo_38_block_edit_var;
		};
/* End PBXContainerItemProxy section */

/* Begin PBXFileReference section */
		9A8257FD2488D9550025AFEA /* main-03.cpp */ = {isa = PBXFileReference; fileEncoding = 4; lastKnownFileType = sourcecode.cpp.cpp; path = "main-03.cpp"; sourceTree = "<group>"; };
		9A8257FF2488DB4B0025AFEA /* main-04.cpp */ = {isa = PBXFileReference; fileEncoding = 4; lastKnownFileType = sourcecode.cpp.cpp; path = "main-04.cpp"; sourceTree = "<group>"; };
		9AC995322487DC510097E1D6 /* Demo_38_block_edit_var.app */ = {isa = PBXFileReference; explicitFileType = wrapper.application; includeInIndex = 0; path = Demo_38_block_edit_var.app; sourceTree = BUILT_PRODUCTS_DIR; };
		9AC995352487DC510097E1D6 /* AppDelegate.h */ = {isa = PBXFileReference; lastKnownFileType = sourcecode.c.h; path = AppDelegate.h; sourceTree = "<group>"; };
		9AC995362487DC510097E1D6 /* AppDelegate.m */ = {isa = PBXFileReference; lastKnownFileType = sourcecode.c.objc; path = AppDelegate.m; sourceTree = "<group>"; };
		9AC995382487DC510097E1D6 /* SceneDelegate.h */ = {isa = PBXFileReference; lastKnownFileType = sourcecode.c.h; path = SceneDelegate.h; sourceTree = "<group>"; };
		9AC995392487DC510097E1D6 /* SceneDelegate.m */ = {isa = PBXFileReference; lastKnownFileType = sourcecode.c.objc; path = SceneDelegate.m; sourceTree = "<group>"; };
		9AC9953B2487DC510097E1D6 /* ViewController.h */ = {isa = PBXFileReference; lastKnownFileType = sourcecode.c.h; path = ViewController.h; sourceTree = "<group>"; };
		9AC9953C2487DC510097E1D6 /* ViewController.m */ = {isa = PBXFileReference; lastKnownFileType = sourcecode.c.objc; path = ViewController.m; sourceTree = "<group>"; };
		9AC9953F2487DC510097E1D6 /* Base */ = {isa = PBXFileReference; lastKnownFileType = file.storyboard; name = Base; path = Base.lproj/Main.storyboard; sourceTree = "<group>"; };
		9AC995412487DC520097E1D6 /* Assets.xcassets */ = {isa = PBXFileReference; lastKnownFileType = folder.assetcatalog; path = Assets.xcassets; sourceTree = "<group>"; };
		9AC995442487DC520097E1D6 /* Base */ = {isa = PBXFileReference; lastKnownFileType = file.storyboard; name = Base; path = Base.lproj/LaunchScreen.storyboard; sourceTree = "<group>"; };
		9AC995462487DC520097E1D6 /* Info.plist */ = {isa = PBXFileReference; lastKnownFileType = text.plist.xml; path = Info.plist; sourceTree = "<group>"; };
		9AC995472487DC520097E1D6 /* main.m */ = {isa = PBXFileReference; lastKnownFileType = sourcecode.c.objc; path = main.m; sourceTree = "<group>"; };
		9AC9954D2487DC520097E1D6 /* Demo_38_block_edit_varTests.xctest */ = {isa = PBXFileReference; explicitFileType = wrapper.cfbundle; includeInIndex = 0; path = Demo_38_block_edit_varTests.xctest; sourceTree = BUILT_PRODUCTS_DIR; };
		9AC995512487DC530097E1D6 /* Demo_38_block_edit_varTests.m */ = {isa = PBXFileReference; lastKnownFileType = sourcecode.c.objc; path = Demo_38_block_edit_varTests.m; sourceTree = "<group>"; };
		9AC995532487DC530097E1D6 /* Info.plist */ = {isa = PBXFileReference; lastKnownFileType = text.plist.xml; path = Info.plist; sourceTree = "<group>"; };
		9AC995582487DC530097E1D6 /* Demo_38_block_edit_varUITests.xctest */ = {isa = PBXFileReference; explicitFileType = wrapper.cfbundle; includeInIndex = 0; path = Demo_38_block_edit_varUITests.xctest; sourceTree = BUILT_PRODUCTS_DIR; };
		9AC9955C2487DC530097E1D6 /* Demo_38_block_edit_varUITests.m */ = {isa = PBXFileReference; lastKnownFileType = sourcecode.c.objc; path = Demo_38_block_edit_varUITests.m; sourceTree = "<group>"; };
		9AC9955E2487DC530097E1D6 /* Info.plist */ = {isa = PBXFileReference; lastKnownFileType = text.plist.xml; path = Info.plist; sourceTree = "<group>"; };
		9AC9956A2487E2E80097E1D6 /* main-01.cpp */ = {isa = PBXFileReference; fileEncoding = 4; lastKnownFileType = sourcecode.cpp.cpp; path = "main-01.cpp"; sourceTree = "<group>"; };
		9AC9956C2487F1EB0097E1D6 /* main-02.cpp */ = {isa = PBXFileReference; fileEncoding = 4; lastKnownFileType = sourcecode.cpp.cpp; path = "main-02.cpp"; sourceTree = "<group>"; };
/* End PBXFileReference section */

/* Begin PBXFrameworksBuildPhase section */
		9AC9952F2487DC510097E1D6 /* Frameworks */ = {
			isa = PBXFrameworksBuildPhase;
			buildActionMask = 2147483647;
			files = (
			);
			runOnlyForDeploymentPostprocessing = 0;
		};
		9AC9954A2487DC520097E1D6 /* Frameworks */ = {
			isa = PBXFrameworksBuildPhase;
			buildActionMask = 2147483647;
			files = (
			);
			runOnlyForDeploymentPostprocessing = 0;
		};
		9AC995552487DC530097E1D6 /* Frameworks */ = {
			isa = PBXFrameworksBuildPhase;
			buildActionMask = 2147483647;
			files = (
			);
			runOnlyForDeploymentPostprocessing = 0;
		};
/* End PBXFrameworksBuildPhase section */

/* Begin PBXGroup section */
		9AC995292487DC510097E1D6 = {
			isa = PBXGroup;
			children = (
				9AC995342487DC510097E1D6 /* Demo_38_block_edit_var */,
				9AC995502487DC530097E1D6 /* Demo_38_block_edit_varTests */,
				9AC9955B2487DC530097E1D6 /* Demo_38_block_edit_varUITests */,
				9AC995332487DC510097E1D6 /* Products */,
			);
			sourceTree = "<group>";
		};
		9AC995332487DC510097E1D6 /* Products */ = {
			isa = PBXGroup;
			children = (
				9AC995322487DC510097E1D6 /* Demo_38_block_edit_var.app */,
				9AC9954D2487DC520097E1D6 /* Demo_38_block_edit_varTests.xctest */,
				9AC995582487DC530097E1D6 /* Demo_38_block_edit_varUITests.xctest */,
			);
			name = Products;
			sourceTree = "<group>";
		};
		9AC995342487DC510097E1D6 /* Demo_38_block_edit_var */ = {
			isa = PBXGroup;
			children = (
				9AC995352487DC510097E1D6 /* AppDelegate.h */,
				9AC995362487DC510097E1D6 /* AppDelegate.m */,
				9AC995382487DC510097E1D6 /* SceneDelegate.h */,
				9AC995392487DC510097E1D6 /* SceneDelegate.m */,
				9AC9953B2487DC510097E1D6 /* ViewController.h */,
				9AC9953C2487DC510097E1D6 /* ViewController.m */,
				9AC9953E2487DC510097E1D6 /* Main.storyboard */,
				9AC995412487DC520097E1D6 /* Assets.xcassets */,
				9AC995432487DC520097E1D6 /* LaunchScreen.storyboard */,
				9AC995462487DC520097E1D6 /* Info.plist */,
				9AC995472487DC520097E1D6 /* main.m */,
				9AC9956A2487E2E80097E1D6 /* main-01.cpp */,
				9AC9956C2487F1EB0097E1D6 /* main-02.cpp */,
				9A8257FD2488D9550025AFEA /* main-03.cpp */,
				9A8257FF2488DB4B0025AFEA /* main-04.cpp */,
			);
			path = Demo_38_block_edit_var;
			sourceTree = "<group>";
		};
		9AC995502487DC530097E1D6 /* Demo_38_block_edit_varTests */ = {
			isa = PBXGroup;
			children = (
				9AC995512487DC530097E1D6 /* Demo_38_block_edit_varTests.m */,
				9AC995532487DC530097E1D6 /* Info.plist */,
			);
			path = Demo_38_block_edit_varTests;
			sourceTree = "<group>";
		};
		9AC9955B2487DC530097E1D6 /* Demo_38_block_edit_varUITests */ = {
			isa = PBXGroup;
			children = (
				9AC9955C2487DC530097E1D6 /* Demo_38_block_edit_varUITests.m */,
				9AC9955E2487DC530097E1D6 /* Info.plist */,
			);
			path = Demo_38_block_edit_varUITests;
			sourceTree = "<group>";
		};
/* End PBXGroup section */

/* Begin PBXNativeTarget section */
		9AC995312487DC510097E1D6 /* Demo_38_block_edit_var */ = {
			isa = PBXNativeTarget;
			buildConfigurationList = 9AC995612487DC530097E1D6 /* Build configuration list for PBXNativeTarget "Demo_38_block_edit_var" */;
			buildPhases = (
				9AC9952E2487DC510097E1D6 /* Sources */,
				9AC9952F2487DC510097E1D6 /* Frameworks */,
				9AC995302487DC510097E1D6 /* Resources */,
			);
			buildRules = (
			);
			dependencies = (
			);
			name = Demo_38_block_edit_var;
			productName = Demo_38_block_edit_var;
			productReference = 9AC995322487DC510097E1D6 /* Demo_38_block_edit_var.app */;
			productType = "com.apple.product-type.application";
		};
		9AC9954C2487DC520097E1D6 /* Demo_38_block_edit_varTests */ = {
			isa = PBXNativeTarget;
			buildConfigurationList = 9AC995642487DC530097E1D6 /* Build configuration list for PBXNativeTarget "Demo_38_block_edit_varTests" */;
			buildPhases = (
				9AC995492487DC520097E1D6 /* Sources */,
				9AC9954A2487DC520097E1D6 /* Frameworks */,
				9AC9954B2487DC520097E1D6 /* Resources */,
			);
			buildRules = (
			);
			dependencies = (
				9AC9954F2487DC520097E1D6 /* PBXTargetDependency */,
			);
			name = Demo_38_block_edit_varTests;
			productName = Demo_38_block_edit_varTests;
			productReference = 9AC9954D2487DC520097E1D6 /* Demo_38_block_edit_varTests.xctest */;
			productType = "com.apple.product-type.bundle.unit-test";
		};
		9AC995572487DC530097E1D6 /* Demo_38_block_edit_varUITests */ = {
			isa = PBXNativeTarget;
			buildConfigurationList = 9AC995672487DC530097E1D6 /* Build configuration list for PBXNativeTarget "Demo_38_block_edit_varUITests" */;
			buildPhases = (
				9AC995542487DC530097E1D6 /* Sources */,
				9AC995552487DC530097E1D6 /* Frameworks */,
				9AC995562487DC530097E1D6 /* Resources */,
			);
			buildRules = (
			);
			dependencies = (
				9AC9955A2487DC530097E1D6 /* PBXTargetDependency */,
			);
			name = Demo_38_block_edit_varUITests;
			productName = Demo_38_block_edit_varUITests;
			productReference = 9AC995582487DC530097E1D6 /* Demo_38_block_edit_varUITests.xctest */;
			productType = "com.apple.product-type.bundle.ui-testing";
		};
/* End PBXNativeTarget section */

/* Begin PBXProject section */
		9AC9952A2487DC510097E1D6 /* Project object */ = {
			isa = PBXProject;
			attributes = {
				LastUpgradeCheck = 1140;
				ORGANIZATIONNAME = ChenYilong;
				TargetAttributes = {
					9AC995312487DC510097E1D6 = {
						CreatedOnToolsVersion = 11.4.1;
					};
					9AC9954C2487DC520097E1D6 = {
						CreatedOnToolsVersion = 11.4.1;
						TestTargetID = 9AC995312487DC510097E1D6;
					};
					9AC995572487DC530097E1D6 = {
						CreatedOnToolsVersion = 11.4.1;
						TestTargetID = 9AC995312487DC510097E1D6;
					};
				};
			};
			buildConfigurationList = 9AC9952D2487DC510097E1D6 /* Build configuration list for PBXProject "Demo_38_block_edit_var" */;
			compatibilityVersion = "Xcode 9.3";
			developmentRegion = en;
			hasScannedForEncodings = 0;
			knownRegions = (
				en,
				Base,
			);
			mainGroup = 9AC995292487DC510097E1D6;
			productRefGroup = 9AC995332487DC510097E1D6 /* Products */;
			projectDirPath = "";
			projectRoot = "";
			targets = (
				9AC995312487DC510097E1D6 /* Demo_38_block_edit_var */,
				9AC9954C2487DC520097E1D6 /* Demo_38_block_edit_varTests */,
				9AC995572487DC530097E1D6 /* Demo_38_block_edit_varUITests */,
			);
		};
/* End PBXProject section */

/* Begin PBXResourcesBuildPhase section */
		9AC995302487DC510097E1D6 /* Resources */ = {
			isa = PBXResourcesBuildPhase;
			buildActionMask = 2147483647;
			files = (
				9AC995452487DC520097E1D6 /* LaunchScreen.storyboard in Resources */,
				9AC995422487DC520097E1D6 /* Assets.xcassets in Resources */,
				9AC995402487DC510097E1D6 /* Main.storyboard in Resources */,
			);
			runOnlyForDeploymentPostprocessing = 0;
		};
		9AC9954B2487DC520097E1D6 /* Resources */ = {
			isa = PBXResourcesBuildPhase;
			buildActionMask = 2147483647;
			files = (
			);
			runOnlyForDeploymentPostprocessing = 0;
		};
		9AC995562487DC530097E1D6 /* Resources */ = {
			isa = PBXResourcesBuildPhase;
			buildActionMask = 2147483647;
			files = (
			);
			runOnlyForDeploymentPostprocessing = 0;
		};
/* End PBXResourcesBuildPhase section */

/* Begin PBXSourcesBuildPhase section */
		9AC9952E2487DC510097E1D6 /* Sources */ = {
			isa = PBXSourcesBuildPhase;
			buildActionMask = 2147483647;
			files = (
				9AC9953D2487DC510097E1D6 /* ViewController.m in Sources */,
				9AC995372487DC510097E1D6 /* AppDelegate.m in Sources */,
				9AC995482487DC520097E1D6 /* main.m in Sources */,
				9AC9953A2487DC510097E1D6 /* SceneDelegate.m in Sources */,
			);
			runOnlyForDeploymentPostprocessing = 0;
		};
		9AC995492487DC520097E1D6 /* Sources */ = {
			isa = PBXSourcesBuildPhase;
			buildActionMask = 2147483647;
			files = (
				9AC995522487DC530097E1D6 /* Demo_38_block_edit_varTests.m in Sources */,
			);
			runOnlyForDeploymentPostprocessing = 0;
		};
		9AC995542487DC530097E1D6 /* Sources */ = {
			isa = PBXSourcesBuildPhase;
			buildActionMask = 2147483647;
			files = (
				9AC9955D2487DC530097E1D6 /* Demo_38_block_edit_varUITests.m in Sources */,
			);
			runOnlyForDeploymentPostprocessing = 0;
		};
/* End PBXSourcesBuildPhase section */

/* Begin PBXTargetDependency section */
		9AC9954F2487DC520097E1D6 /* PBXTargetDependency */ = {
			isa = PBXTargetDependency;
			target = 9AC995312487DC510097E1D6 /* Demo_38_block_edit_var */;
			targetProxy = 9AC9954E2487DC520097E1D6 /* PBXContainerItemProxy */;
		};
		9AC9955A2487DC530097E1D6 /* PBXTargetDependency */ = {
			isa = PBXTargetDependency;
			target = 9AC995312487DC510097E1D6 /* Demo_38_block_edit_var */;
			targetProxy = 9AC995592487DC530097E1D6 /* PBXContainerItemProxy */;
		};
/* End PBXTargetDependency section */

/* Begin PBXVariantGroup section */
		9AC9953E2487DC510097E1D6 /* Main.storyboard */ = {
			isa = PBXVariantGroup;
			children = (
				9AC9953F2487DC510097E1D6 /* Base */,
			);
			name = Main.storyboard;
			sourceTree = "<group>";
		};
		9AC995432487DC520097E1D6 /* LaunchScreen.storyboard */ = {
			isa = PBXVariantGroup;
			children = (
				9AC995442487DC520097E1D6 /* Base */,
			);
			name = LaunchScreen.storyboard;
			sourceTree = "<group>";
		};
/* End PBXVariantGroup section */

/* Begin XCBuildConfiguration section */
		9AC9955F2487DC530097E1D6 /* Debug */ = {
			isa = XCBuildConfiguration;
			buildSettings = {
				ALWAYS_SEARCH_USER_PATHS = NO;
				CLANG_ANALYZER_NONNULL = YES;
				CLANG_ANALYZER_NUMBER_OBJECT_CONVERSION = YES_AGGRESSIVE;
				CLANG_CXX_LANGUAGE_STANDARD = "gnu++14";
				CLANG_CXX_LIBRARY = "libc++";
				CLANG_ENABLE_MODULES = YES;
				CLANG_ENABLE_OBJC_ARC = YES;
				CLANG_ENABLE_OBJC_WEAK = YES;
				CLANG_WARN_BLOCK_CAPTURE_AUTORELEASING = YES;
				CLANG_WARN_BOOL_CONVERSION = YES;
				CLANG_WARN_COMMA = YES;
				CLANG_WARN_CONSTANT_CONVERSION = YES;
				CLANG_WARN_DEPRECATED_OBJC_IMPLEMENTATIONS = YES;
				CLANG_WARN_DIRECT_OBJC_ISA_USAGE = YES_ERROR;
				CLANG_WARN_DOCUMENTATION_COMMENTS = YES;
				CLANG_WARN_EMPTY_BODY = YES;
				CLANG_WARN_ENUM_CONVERSION = YES;
				CLANG_WARN_INFINITE_RECURSION = YES;
				CLANG_WARN_INT_CONVERSION = YES;
				CLANG_WARN_NON_LITERAL_NULL_CONVERSION = YES;
				CLANG_WARN_OBJC_IMPLICIT_RETAIN_SELF = YES;
				CLANG_WARN_OBJC_LITERAL_CONVERSION = YES;
				CLANG_WARN_OBJC_ROOT_CLASS = YES_ERROR;
				CLANG_WARN_RANGE_LOOP_ANALYSIS = YES;
				CLANG_WARN_STRICT_PROTOTYPES = YES;
				CLANG_WARN_SUSPICIOUS_MOVE = YES;
				CLANG_WARN_UNGUARDED_AVAILABILITY = YES_AGGRESSIVE;
				CLANG_WARN_UNREACHABLE_CODE = YES;
				CLANG_WARN__DUPLICATE_METHOD_MATCH = YES;
				COPY_PHASE_STRIP = NO;
				DEBUG_INFORMATION_FORMAT = dwarf;
				ENABLE_STRICT_OBJC_MSGSEND = YES;
				ENABLE_TESTABILITY = YES;
				GCC_C_LANGUAGE_STANDARD = gnu11;
				GCC_DYNAMIC_NO_PIC = NO;
				GCC_NO_COMMON_BLOCKS = YES;
				GCC_OPTIMIZATION_LEVEL = 0;
				GCC_PREPROCESSOR_DEFINITIONS = (
					"DEBUG=1",
					"$(inherited)",
				);
				GCC_WARN_64_TO_32_BIT_CONVERSION = YES;
				GCC_WARN_ABOUT_RETURN_TYPE = YES_ERROR;
				GCC_WARN_UNDECLARED_SELECTOR = YES;
				GCC_WARN_UNINITIALIZED_AUTOS = YES_AGGRESSIVE;
				GCC_WARN_UNUSED_FUNCTION = YES;
				GCC_WARN_UNUSED_VARIABLE = YES;
				IPHONEOS_DEPLOYMENT_TARGET = 13.4;
				MTL_ENABLE_DEBUG_INFO = INCLUDE_SOURCE;
				MTL_FAST_MATH = YES;
				ONLY_ACTIVE_ARCH = YES;
				SDKROOT = iphoneos;
			};
			name = Debug;
		};
		9AC995602487DC530097E1D6 /* Release */ = {
			isa = XCBuildConfiguration;
			buildSettings = {
				ALWAYS_SEARCH_USER_PATHS = NO;
				CLANG_ANALYZER_NONNULL = YES;
				CLANG_ANALYZER_NUMBER_OBJECT_CONVERSION = YES_AGGRESSIVE;
				CLANG_CXX_LANGUAGE_STANDARD = "gnu++14";
				CLANG_CXX_LIBRARY = "libc++";
				CLANG_ENABLE_MODULES = YES;
				CLANG_ENABLE_OBJC_ARC = YES;
				CLANG_ENABLE_OBJC_WEAK = YES;
				CLANG_WARN_BLOCK_CAPTURE_AUTORELEASING = YES;
				CLANG_WARN_BOOL_CONVERSION = YES;
				CLANG_WARN_COMMA = YES;
				CLANG_WARN_CONSTANT_CONVERSION = YES;
				CLANG_WARN_DEPRECATED_OBJC_IMPLEMENTATIONS = YES;
				CLANG_WARN_DIRECT_OBJC_ISA_USAGE = YES_ERROR;
				CLANG_WARN_DOCUMENTATION_COMMENTS = YES;
				CLANG_WARN_EMPTY_BODY = YES;
				CLANG_WARN_ENUM_CONVERSION = YES;
				CLANG_WARN_INFINITE_RECURSION = YES;
				CLANG_WARN_INT_CONVERSION = YES;
				CLANG_WARN_NON_LITERAL_NULL_CONVERSION = YES;
				CLANG_WARN_OBJC_IMPLICIT_RETAIN_SELF = YES;
				CLANG_WARN_OBJC_LITERAL_CONVERSION = YES;
				CLANG_WARN_OBJC_ROOT_CLASS = YES_ERROR;
				CLANG_WARN_RANGE_LOOP_ANALYSIS = YES;
				CLANG_WARN_STRICT_PROTOTYPES = YES;
				CLANG_WARN_SUSPICIOUS_MOVE = YES;
				CLANG_WARN_UNGUARDED_AVAILABILITY = YES_AGGRESSIVE;
				CLANG_WARN_UNREACHABLE_CODE = YES;
				CLANG_WARN__DUPLICATE_METHOD_MATCH = YES;
				COPY_PHASE_STRIP = NO;
				DEBUG_INFORMATION_FORMAT = "dwarf-with-dsym";
				ENABLE_NS_ASSERTIONS = NO;
				ENABLE_STRICT_OBJC_MSGSEND = YES;
				GCC_C_LANGUAGE_STANDARD = gnu11;
				GCC_NO_COMMON_BLOCKS = YES;
				GCC_WARN_64_TO_32_BIT_CONVERSION = YES;
				GCC_WARN_ABOUT_RETURN_TYPE = YES_ERROR;
				GCC_WARN_UNDECLARED_SELECTOR = YES;
				GCC_WARN_UNINITIALIZED_AUTOS = YES_AGGRESSIVE;
				GCC_WARN_UNUSED_FUNCTION = YES;
				GCC_WARN_UNUSED_VARIABLE = YES;
				IPHONEOS_DEPLOYMENT_TARGET = 13.4;
				MTL_ENABLE_DEBUG_INFO = NO;
				MTL_FAST_MATH = YES;
				SDKROOT = iphoneos;
				VALIDATE_PRODUCT = YES;
			};
			name = Release;
		};
		9AC995622487DC530097E1D6 /* Debug */ = {
			isa = XCBuildConfiguration;
			buildSettings = {
				ASSETCATALOG_COMPILER_APPICON_NAME = AppIcon;
				CODE_SIGN_STYLE = Automatic;
				DEVELOPMENT_TEAM = A34NNDTR9F;
				INFOPLIST_FILE = Demo_38_block_edit_var/Info.plist;
				LD_RUNPATH_SEARCH_PATHS = (
					"$(inherited)",
					"@executable_path/Frameworks",
				);
				PRODUCT_BUNDLE_IDENTIFIER = "com.iteatime.Demo-38-block-edit-var";
				PRODUCT_NAME = "$(TARGET_NAME)";
				TARGETED_DEVICE_FAMILY = "1,2";
			};
			name = Debug;
		};
		9AC995632487DC530097E1D6 /* Release */ = {
			isa = XCBuildConfiguration;
			buildSettings = {
				ASSETCATALOG_COMPILER_APPICON_NAME = AppIcon;
				CODE_SIGN_STYLE = Automatic;
				DEVELOPMENT_TEAM = A34NNDTR9F;
				INFOPLIST_FILE = Demo_38_block_edit_var/Info.plist;
				LD_RUNPATH_SEARCH_PATHS = (
					"$(inherited)",
					"@executable_path/Frameworks",
				);
				PRODUCT_BUNDLE_IDENTIFIER = "com.iteatime.Demo-38-block-edit-var";
				PRODUCT_NAME = "$(TARGET_NAME)";
				TARGETED_DEVICE_FAMILY = "1,2";
			};
			name = Release;
		};
		9AC995652487DC530097E1D6 /* Debug */ = {
			isa = XCBuildConfiguration;
			buildSettings = {
				BUNDLE_LOADER = "$(TEST_HOST)";
				CODE_SIGN_STYLE = Automatic;
				DEVELOPMENT_TEAM = A34NNDTR9F;
				INFOPLIST_FILE = Demo_38_block_edit_varTests/Info.plist;
				IPHONEOS_DEPLOYMENT_TARGET = 13.4;
				LD_RUNPATH_SEARCH_PATHS = (
					"$(inherited)",
					"@executable_path/Frameworks",
					"@loader_path/Frameworks",
				);
				PRODUCT_BUNDLE_IDENTIFIER = "com.iteatime.Demo-38-block-edit-varTests";
				PRODUCT_NAME = "$(TARGET_NAME)";
				TARGETED_DEVICE_FAMILY = "1,2";
				TEST_HOST = "$(BUILT_PRODUCTS_DIR)/Demo_38_block_edit_var.app/Demo_38_block_edit_var";
			};
			name = Debug;
		};
		9AC995662487DC530097E1D6 /* Release */ = {
			isa = XCBuildConfiguration;
			buildSettings = {
				BUNDLE_LOADER = "$(TEST_HOST)";
				CODE_SIGN_STYLE = Automatic;
				DEVELOPMENT_TEAM = A34NNDTR9F;
				INFOPLIST_FILE = Demo_38_block_edit_varTests/Info.plist;
				IPHONEOS_DEPLOYMENT_TARGET = 13.4;
				LD_RUNPATH_SEARCH_PATHS = (
					"$(inherited)",
					"@executable_path/Frameworks",
					"@loader_path/Frameworks",
				);
				PRODUCT_BUNDLE_IDENTIFIER = "com.iteatime.Demo-38-block-edit-varTests";
				PRODUCT_NAME = "$(TARGET_NAME)";
				TARGETED_DEVICE_FAMILY = "1,2";
				TEST_HOST = "$(BUILT_PRODUCTS_DIR)/Demo_38_block_edit_var.app/Demo_38_block_edit_var";
			};
			name = Release;
		};
		9AC995682487DC530097E1D6 /* Debug */ = {
			isa = XCBuildConfiguration;
			buildSettings = {
				CODE_SIGN_STYLE = Automatic;
				DEVELOPMENT_TEAM = A34NNDTR9F;
				INFOPLIST_FILE = Demo_38_block_edit_varUITests/Info.plist;
				LD_RUNPATH_SEARCH_PATHS = (
					"$(inherited)",
					"@executable_path/Frameworks",
					"@loader_path/Frameworks",
				);
				PRODUCT_BUNDLE_IDENTIFIER = "com.iteatime.Demo-38-block-edit-varUITests";
				PRODUCT_NAME = "$(TARGET_NAME)";
				TARGETED_DEVICE_FAMILY = "1,2";
				TEST_TARGET_NAME = Demo_38_block_edit_var;
			};
			name = Debug;
		};
		9AC995692487DC530097E1D6 /* Release */ = {
			isa = XCBuildConfiguration;
			buildSettings = {
				CODE_SIGN_STYLE = Automatic;
				DEVELOPMENT_TEAM = A34NNDTR9F;
				INFOPLIST_FILE = Demo_38_block_edit_varUITests/Info.plist;
				LD_RUNPATH_SEARCH_PATHS = (
					"$(inherited)",
					"@executable_path/Frameworks",
					"@loader_path/Frameworks",
				);
				PRODUCT_BUNDLE_IDENTIFIER = "com.iteatime.Demo-38-block-edit-varUITests";
				PRODUCT_NAME = "$(TARGET_NAME)";
				TARGETED_DEVICE_FAMILY = "1,2";
				TEST_TARGET_NAME = Demo_38_block_edit_var;
			};
			name = Release;
		};
/* End XCBuildConfiguration section */

/* Begin XCConfigurationList section */
		9AC9952D2487DC510097E1D6 /* Build configuration list for PBXProject "Demo_38_block_edit_var" */ = {
			isa = XCConfigurationList;
			buildConfigurations = (
				9AC9955F2487DC530097E1D6 /* Debug */,
				9AC995602487DC530097E1D6 /* Release */,
			);
			defaultConfigurationIsVisible = 0;
			defaultConfigurationName = Release;
		};
		9AC995612487DC530097E1D6 /* Build configuration list for PBXNativeTarget "Demo_38_block_edit_var" */ = {
			isa = XCConfigurationList;
			buildConfigurations = (
				9AC995622487DC530097E1D6 /* Debug */,
				9AC995632487DC530097E1D6 /* Release */,
			);
			defaultConfigurationIsVisible = 0;
			defaultConfigurationName = Release;
		};
		9AC995642487DC530097E1D6 /* Build configuration list for PBXNativeTarget "Demo_38_block_edit_varTests" */ = {
			isa = XCConfigurationList;
			buildConfigurations = (
				9AC995652487DC530097E1D6 /* Debug */,
				9AC995662487DC530097E1D6 /* Release */,
			);
			defaultConfigurationIsVisible = 0;
			defaultConfigurationName = Release;
		};
		9AC995672487DC530097E1D6 /* Build configuration list for PBXNativeTarget "Demo_38_block_edit_varUITests" */ = {
			isa = XCConfigurationList;
			buildConfigurations = (
				9AC995682487DC530097E1D6 /* Debug */,
				9AC995692487DC530097E1D6 /* Release */,
			);
			defaultConfigurationIsVisible = 0;
			defaultConfigurationName = Release;
		};
/* End XCConfigurationList section */
	};
	rootObject = 9AC9952A2487DC510097E1D6 /* Project object */;
}
