// !$*UTF8*$!
{
	archiveVersion = 1;
	classes = {
	};
	objectVersion = 46;
	objects = {

/* Begin PBXBuildFile section */
		9AF373531B920A1300889D8B /* main.m in Sources */ = {isa = PBXBuildFile; fileRef = 9AF373521B920A1300889D8B /* main.m */; };
		9AF373561B920A1300889D8B /* AppDelegate.m in Sources */ = {isa = PBXBuildFile; fileRef = 9AF373551B920A1300889D8B /* AppDelegate.m */; };
		9AF373591B920A1300889D8B /* ViewController.m in Sources */ = {isa = PBXBuildFile; fileRef = 9AF373581B920A1300889D8B /* ViewController.m */; };
		9AF3735C1B920A1300889D8B /* Main.storyboard in Resources */ = {isa = PBXBuildFile; fileRef = 9AF3735A1B920A1300889D8B /* Main.storyboard */; };
		9AF3735E1B920A1300889D8B /* Images.xcassets in Resources */ = {isa = PBXBuildFile; fileRef = 9AF3735D1B920A1300889D8B /* Images.xcassets */; };
		9AF373611B920A1300889D8B /* LaunchScreen.xib in Resources */ = {isa = PBXBuildFile; fileRef = 9AF3735F1B920A1300889D8B /* LaunchScreen.xib */; };
		9AF373781B920A2300889D8B /* Person.m in Sources */ = {isa = PBXBuildFile; fileRef = 9AF373771B920A2300889D8B /* Person.m */; };
		9AF3737B1B9212B100889D8B /* MaPerson.m in Sources */ = {isa = PBXBuildFile; fileRef = 9AF3737A1B9212B100889D8B /* MaPerson.m */; };
		9AF899671B928FC400043F71 /* SuperView.m in Sources */ = {isa = PBXBuildFile; fileRef = 9AF899661B928FC400043F71 /* SuperView.m */; };
		9AF8996A1B928FD900043F71 /* SubView.m in Sources */ = {isa = PBXBuildFile; fileRef = 9AF899691B928FD900043F71 /* SubView.m */; };
/* End PBXBuildFile section */

/* Begin PBXFileReference section */
		9AF3734D1B920A1300889D8B /* 为什么不推荐在init方法中使用点语法.app */ = {isa = PBXFileReference; explicitFileType = wrapper.application; includeInIndex = 0; path = "为什么不推荐在init方法中使用点语法.app"; sourceTree = BUILT_PRODUCTS_DIR; };
		9AF373511B920A1300889D8B /* Info.plist */ = {isa = PBXFileReference; lastKnownFileType = text.plist.xml; path = Info.plist; sourceTree = "<group>"; };
		9AF373521B920A1300889D8B /* main.m */ = {isa = PBXFileReference; lastKnownFileType = sourcecode.c.objc; path = main.m; sourceTree = "<group>"; };
		9AF373541B920A1300889D8B /* AppDelegate.h */ = {isa = PBXFileReference; lastKnownFileType = sourcecode.c.h; path = AppDelegate.h; sourceTree = "<group>"; };
		9AF373551B920A1300889D8B /* AppDelegate.m */ = {isa = PBXFileReference; lastKnownFileType = sourcecode.c.objc; path = AppDelegate.m; sourceTree = "<group>"; };
		9AF373571B920A1300889D8B /* ViewController.h */ = {isa = PBXFileReference; lastKnownFileType = sourcecode.c.h; path = ViewController.h; sourceTree = "<group>"; };
		9AF373581B920A1300889D8B /* ViewController.m */ = {isa = PBXFileReference; lastKnownFileType = sourcecode.c.objc; path = ViewController.m; sourceTree = "<group>"; };
		9AF3735B1B920A1300889D8B /* Base */ = {isa = PBXFileReference; lastKnownFileType = file.storyboard; name = Base; path = Base.lproj/Main.storyboard; sourceTree = "<group>"; };
		9AF3735D1B920A1300889D8B /* Images.xcassets */ = {isa = PBXFileReference; lastKnownFileType = folder.assetcatalog; path = Images.xcassets; sourceTree = "<group>"; };
		9AF373601B920A1300889D8B /* Base */ = {isa = PBXFileReference; lastKnownFileType = file.xib; name = Base; path = Base.lproj/LaunchScreen.xib; sourceTree = "<group>"; };
		9AF3736B1B920A1400889D8B /* Info.plist */ = {isa = PBXFileReference; lastKnownFileType = text.plist.xml; path = Info.plist; sourceTree = "<group>"; };
		9AF3736C1B920A1400889D8B /* nil_______Tests.m */ = {isa = PBXFileReference; lastKnownFileType = sourcecode.c.objc; path = "nil_______Tests.m"; sourceTree = "<group>"; };
		9AF373761B920A2300889D8B /* Person.h */ = {isa = PBXFileReference; fileEncoding = 4; lastKnownFileType = sourcecode.c.h; path = Person.h; sourceTree = "<group>"; };
		9AF373771B920A2300889D8B /* Person.m */ = {isa = PBXFileReference; fileEncoding = 4; lastKnownFileType = sourcecode.c.objc; path = Person.m; sourceTree = "<group>"; };
		9AF373791B9212B100889D8B /* MaPerson.h */ = {isa = PBXFileReference; fileEncoding = 4; lastKnownFileType = sourcecode.c.h; path = MaPerson.h; sourceTree = "<group>"; };
		9AF3737A1B9212B100889D8B /* MaPerson.m */ = {isa = PBXFileReference; fileEncoding = 4; lastKnownFileType = sourcecode.c.objc; path = MaPerson.m; sourceTree = "<group>"; };
		9AF899651B928FC400043F71 /* SuperView.h */ = {isa = PBXFileReference; fileEncoding = 4; lastKnownFileType = sourcecode.c.h; path = SuperView.h; sourceTree = "<group>"; };
		9AF899661B928FC400043F71 /* SuperView.m */ = {isa = PBXFileReference; fileEncoding = 4; lastKnownFileType = sourcecode.c.objc; path = SuperView.m; sourceTree = "<group>"; };
		9AF899681B928FD900043F71 /* SubView.h */ = {isa = PBXFileReference; fileEncoding = 4; lastKnownFileType = sourcecode.c.h; path = SubView.h; sourceTree = "<group>"; };
		9AF899691B928FD900043F71 /* SubView.m */ = {isa = PBXFileReference; fileEncoding = 4; lastKnownFileType = sourcecode.c.objc; path = SubView.m; sourceTree = "<group>"; };
/* End PBXFileReference section */

/* Begin PBXFrameworksBuildPhase section */
		9AF3734A1B920A1300889D8B /* Frameworks */ = {
			isa = PBXFrameworksBuildPhase;
			buildActionMask = 2147483647;
			files = (
			);
			runOnlyForDeploymentPostprocessing = 0;
		};
/* End PBXFrameworksBuildPhase section */

/* Begin PBXGroup section */
		9AF373441B920A1300889D8B = {
			isa = PBXGroup;
			children = (
				9AF3734F1B920A1300889D8B /* nil对象调用点语法 */,
				9AF373691B920A1400889D8B /* nil对象调用点语法Tests */,
				9AF3734E1B920A1300889D8B /* Products */,
			);
			sourceTree = "<group>";
		};
		9AF3734E1B920A1300889D8B /* Products */ = {
			isa = PBXGroup;
			children = (
				9AF3734D1B920A1300889D8B /* 为什么不推荐在init方法中使用点语法.app */,
			);
			name = Products;
			sourceTree = "<group>";
		};
		9AF3734F1B920A1300889D8B /* nil对象调用点语法 */ = {
			isa = PBXGroup;
			children = (
				9AF373541B920A1300889D8B /* AppDelegate.h */,
				9AF373551B920A1300889D8B /* AppDelegate.m */,
				9AF373571B920A1300889D8B /* ViewController.h */,
				9AF373581B920A1300889D8B /* ViewController.m */,
				9AF373761B920A2300889D8B /* Person.h */,
				9AF373771B920A2300889D8B /* Person.m */,
				9AF373791B9212B100889D8B /* MaPerson.h */,
				9AF3737A1B9212B100889D8B /* MaPerson.m */,
				9AF899651B928FC400043F71 /* SuperView.h */,
				9AF899661B928FC400043F71 /* SuperView.m */,
				9AF899681B928FD900043F71 /* SubView.h */,
				9AF899691B928FD900043F71 /* SubView.m */,
				9AF3735A1B920A1300889D8B /* Main.storyboard */,
				9AF3735D1B920A1300889D8B /* Images.xcassets */,
				9AF3735F1B920A1300889D8B /* LaunchScreen.xib */,
				9AF373501B920A1300889D8B /* Supporting Files */,
			);
			path = "nil对象调用点语法";
			sourceTree = "<group>";
		};
		9AF373501B920A1300889D8B /* Supporting Files */ = {
			isa = PBXGroup;
			children = (
				9AF373511B920A1300889D8B /* Info.plist */,
				9AF373521B920A1300889D8B /* main.m */,
			);
			name = "Supporting Files";
			sourceTree = "<group>";
		};
		9AF373691B920A1400889D8B /* nil对象调用点语法Tests */ = {
			isa = PBXGroup;
			children = (
				9AF3736C1B920A1400889D8B /* nil_______Tests.m */,
				9AF3736A1B920A1400889D8B /* Supporting Files */,
			);
			path = "nil对象调用点语法Tests";
			sourceTree = "<group>";
		};
		9AF3736A1B920A1400889D8B /* Supporting Files */ = {
			isa = PBXGroup;
			children = (
				9AF3736B1B920A1400889D8B /* Info.plist */,
			);
			name = "Supporting Files";
			sourceTree = "<group>";
		};
/* End PBXGroup section */

/* Begin PBXNativeTarget section */
		9AF3734C1B920A1300889D8B /* 为什么不推荐在init方法中使用点语法 */ = {
			isa = PBXNativeTarget;
			buildConfigurationList = 9AF373701B920A1400889D8B /* Build configuration list for PBXNativeTarget "为什么不推荐在init方法中使用点语法" */;
			buildPhases = (
				9AF373491B920A1300889D8B /* Sources */,
				9AF3734A1B920A1300889D8B /* Frameworks */,
				9AF3734B1B920A1300889D8B /* Resources */,
			);
			buildRules = (
			);
			dependencies = (
			);
			name = "为什么不推荐在init方法中使用点语法";
			productName = "nil对象调用点语法";
			productReference = 9AF3734D1B920A1300889D8B /* 为什么不推荐在init方法中使用点语法.app */;
			productType = "com.apple.product-type.application";
		};
/* End PBXNativeTarget section */

/* Begin PBXProject section */
		9AF373451B920A1300889D8B /* Project object */ = {
			isa = PBXProject;
			attributes = {
				LastUpgradeCheck = 0640;
				ORGANIZATIONNAME = "http://weibo.com/luohanchenyilong/ 微博@iOS程序犭袁";
				TargetAttributes = {
					9AF3734C1B920A1300889D8B = {
						CreatedOnToolsVersion = 6.4;
					};
				};
			};
			buildConfigurationList = 9AF373481B920A1300889D8B /* Build configuration list for PBXProject "为什么不推荐在init方法中使用点语法" */;
			compatibilityVersion = "Xcode 3.2";
			developmentRegion = English;
			hasScannedForEncodings = 0;
			knownRegions = (
				en,
				Base,
			);
			mainGroup = 9AF373441B920A1300889D8B;
			productRefGroup = 9AF3734E1B920A1300889D8B /* Products */;
			projectDirPath = "";
			projectRoot = "";
			targets = (
				9AF3734C1B920A1300889D8B /* 为什么不推荐在init方法中使用点语法 */,
			);
		};
/* End PBXProject section */

/* Begin PBXResourcesBuildPhase section */
		9AF3734B1B920A1300889D8B /* Resources */ = {
			isa = PBXResourcesBuildPhase;
			buildActionMask = 2147483647;
			files = (
				9AF3735C1B920A1300889D8B /* Main.storyboard in Resources */,
				9AF373611B920A1300889D8B /* LaunchScreen.xib in Resources */,
				9AF3735E1B920A1300889D8B /* Images.xcassets in Resources */,
			);
			runOnlyForDeploymentPostprocessing = 0;
		};
/* End PBXResourcesBuildPhase section */

/* Begin PBXSourcesBuildPhase section */
		9AF373491B920A1300889D8B /* Sources */ = {
			isa = PBXSourcesBuildPhase;
			buildActionMask = 2147483647;
			files = (
				9AF373591B920A1300889D8B /* ViewController.m in Sources */,
				9AF3737B1B9212B100889D8B /* MaPerson.m in Sources */,
				9AF373561B920A1300889D8B /* AppDelegate.m in Sources */,
				9AF373781B920A2300889D8B /* Person.m in Sources */,
				9AF899671B928FC400043F71 /* SuperView.m in Sources */,
				9AF373531B920A1300889D8B /* main.m in Sources */,
				9AF8996A1B928FD900043F71 /* SubView.m in Sources */,
			);
			runOnlyForDeploymentPostprocessing = 0;
		};
/* End PBXSourcesBuildPhase section */

/* Begin PBXVariantGroup section */
		9AF3735A1B920A1300889D8B /* Main.storyboard */ = {
			isa = PBXVariantGroup;
			children = (
				9AF3735B1B920A1300889D8B /* Base */,
			);
			name = Main.storyboard;
			sourceTree = "<group>";
		};
		9AF3735F1B920A1300889D8B /* LaunchScreen.xib */ = {
			isa = PBXVariantGroup;
			children = (
				9AF373601B920A1300889D8B /* Base */,
			);
			name = LaunchScreen.xib;
			sourceTree = "<group>";
		};
/* End PBXVariantGroup section */

/* Begin XCBuildConfiguration section */
		9AF3736E1B920A1400889D8B /* Debug */ = {
			isa = XCBuildConfiguration;
			buildSettings = {
				ALWAYS_SEARCH_USER_PATHS = NO;
				CLANG_CXX_LANGUAGE_STANDARD = "gnu++0x";
				CLANG_CXX_LIBRARY = "libc++";
				CLANG_ENABLE_MODULES = YES;
				CLANG_ENABLE_OBJC_ARC = YES;
				CLANG_WARN_BOOL_CONVERSION = YES;
				CLANG_WARN_CONSTANT_CONVERSION = YES;
				CLANG_WARN_DIRECT_OBJC_ISA_USAGE = YES_ERROR;
				CLANG_WARN_EMPTY_BODY = YES;
				CLANG_WARN_ENUM_CONVERSION = YES;
				CLANG_WARN_INT_CONVERSION = YES;
				CLANG_WARN_OBJC_ROOT_CLASS = YES_ERROR;
				CLANG_WARN_UNREACHABLE_CODE = YES;
				CLANG_WARN__DUPLICATE_METHOD_MATCH = YES;
				"CODE_SIGN_IDENTITY[sdk=iphoneos*]" = "iPhone Developer";
				COPY_PHASE_STRIP = NO;
				DEBUG_INFORMATION_FORMAT = "dwarf-with-dsym";
				ENABLE_STRICT_OBJC_MSGSEND = YES;
				GCC_C_LANGUAGE_STANDARD = gnu99;
				GCC_DYNAMIC_NO_PIC = NO;
				GCC_NO_COMMON_BLOCKS = YES;
				GCC_OPTIMIZATION_LEVEL = 0;
				GCC_PREPROCESSOR_DEFINITIONS = (
					"DEBUG=1",
					"$(inherited)",
				);
				GCC_SYMBOLS_PRIVATE_EXTERN = NO;
				GCC_WARN_64_TO_32_BIT_CONVERSION = YES;
				GCC_WARN_ABOUT_RETURN_TYPE = YES_ERROR;
				GCC_WARN_UNDECLARED_SELECTOR = YES;
				GCC_WARN_UNINITIALIZED_AUTOS = YES_AGGRESSIVE;
				GCC_WARN_UNUSED_FUNCTION = YES;
				GCC_WARN_UNUSED_VARIABLE = YES;
				IPHONEOS_DEPLOYMENT_TARGET = 8.4;
				MTL_ENABLE_DEBUG_INFO = YES;
				ONLY_ACTIVE_ARCH = YES;
				SDKROOT = iphoneos;
				TARGETED_DEVICE_FAMILY = "1,2";
			};
			name = Debug;
		};
		9AF3736F1B920A1400889D8B /* Release */ = {
			isa = XCBuildConfiguration;
			buildSettings = {
				ALWAYS_SEARCH_USER_PATHS = NO;
				CLANG_CXX_LANGUAGE_STANDARD = "gnu++0x";
				CLANG_CXX_LIBRARY = "libc++";
				CLANG_ENABLE_MODULES = YES;
				CLANG_ENABLE_OBJC_ARC = YES;
				CLANG_WARN_BOOL_CONVERSION = YES;
				CLANG_WARN_CONSTANT_CONVERSION = YES;
				CLANG_WARN_DIRECT_OBJC_ISA_USAGE = YES_ERROR;
				CLANG_WARN_EMPTY_BODY = YES;
				CLANG_WARN_ENUM_CONVERSION = YES;
				CLANG_WARN_INT_CONVERSION = YES;
				CLANG_WARN_OBJC_ROOT_CLASS = YES_ERROR;
				CLANG_WARN_UNREACHABLE_CODE = YES;
				CLANG_WARN__DUPLICATE_METHOD_MATCH = YES;
				"CODE_SIGN_IDENTITY[sdk=iphoneos*]" = "iPhone Developer";
				COPY_PHASE_STRIP = NO;
				DEBUG_INFORMATION_FORMAT = "dwarf-with-dsym";
				ENABLE_NS_ASSERTIONS = NO;
				ENABLE_STRICT_OBJC_MSGSEND = YES;
				GCC_C_LANGUAGE_STANDARD = gnu99;
				GCC_NO_COMMON_BLOCKS = YES;
				GCC_WARN_64_TO_32_BIT_CONVERSION = YES;
				GCC_WARN_ABOUT_RETURN_TYPE = YES_ERROR;
				GCC_WARN_UNDECLARED_SELECTOR = YES;
				GCC_WARN_UNINITIALIZED_AUTOS = YES_AGGRESSIVE;
				GCC_WARN_UNUSED_FUNCTION = YES;
				GCC_WARN_UNUSED_VARIABLE = YES;
				IPHONEOS_DEPLOYMENT_TARGET = 8.4;
				MTL_ENABLE_DEBUG_INFO = NO;
				SDKROOT = iphoneos;
				TARGETED_DEVICE_FAMILY = "1,2";
				VALIDATE_PRODUCT = YES;
			};
			name = Release;
		};
		9AF373711B920A1400889D8B /* Debug */ = {
			isa = XCBuildConfiguration;
			buildSettings = {
				ASSETCATALOG_COMPILER_APPICON_NAME = AppIcon;
				INFOPLIST_FILE = "nil对象调用点语法/Info.plist";
				LD_RUNPATH_SEARCH_PATHS = "$(inherited) @executable_path/Frameworks";
				PRODUCT_NAME = "为什么不推荐在init方法中使用点语法";
			};
			name = Debug;
		};
		9AF373721B920A1400889D8B /* Release */ = {
			isa = XCBuildConfiguration;
			buildSettings = {
				ASSETCATALOG_COMPILER_APPICON_NAME = AppIcon;
				INFOPLIST_FILE = "nil对象调用点语法/Info.plist";
				LD_RUNPATH_SEARCH_PATHS = "$(inherited) @executable_path/Frameworks";
				PRODUCT_NAME = "为什么不推荐在init方法中使用点语法";
			};
			name = Release;
		};
/* End XCBuildConfiguration section */

/* Begin XCConfigurationList section */
		9AF373481B920A1300889D8B /* Build configuration list for PBXProject "为什么不推荐在init方法中使用点语法" */ = {
			isa = XCConfigurationList;
			buildConfigurations = (
				9AF3736E1B920A1400889D8B /* Debug */,
				9AF3736F1B920A1400889D8B /* Release */,
			);
			defaultConfigurationIsVisible = 0;
			defaultConfigurationName = Release;
		};
		9AF373701B920A1400889D8B /* Build configuration list for PBXNativeTarget "为什么不推荐在init方法中使用点语法" */ = {
			isa = XCConfigurationList;
			buildConfigurations = (
				9AF373711B920A1400889D8B /* Debug */,
				9AF373721B920A1400889D8B /* Release */,
			);
			defaultConfigurationIsVisible = 0;
			defaultConfigurationName = Release;
		};
/* End XCConfigurationList section */
	};
	rootObject = 9AF373451B920A1300889D8B /* Project object */;
}
