// !$*UTF8*$!
{
	archiveVersion = 1;
	classes = {
	};
	objectVersion = 56;
	objects = {

/* Begin PBXBuildFile section */
		8DF2C67A28A1955500B57214 /* MovieAppApp.swift in Sources */ = {isa = PBXBuildFile; fileRef = 8DF2C67928A1955500B57214 /* MovieAppApp.swift */; };
		8DF2C67C28A1955500B57214 /* ContentView.swift in Sources */ = {isa = PBXBuildFile; fileRef = 8DF2C67B28A1955500B57214 /* ContentView.swift */; };
		8DF2C67E28A1955800B57214 /* Assets.xcassets in Resources */ = {isa = PBXBuildFile; fileRef = 8DF2C67D28A1955800B57214 /* Assets.xcassets */; };
		8DF2C68128A1955800B57214 /* Preview Assets.xcassets in Resources */ = {isa = PBXBuildFile; fileRef = 8DF2C68028A1955800B57214 /* Preview Assets.xcassets */; };
		8DF2C68928A1961500B57214 /* Webservice.swift in Sources */ = {isa = PBXBuildFile; fileRef = 8DF2C68828A1961500B57214 /* Webservice.swift */; };
		8DF2C68C28A1963C00B57214 /* Movie.swift in Sources */ = {isa = PBXBuildFile; fileRef = 8DF2C68B28A1963C00B57214 /* Movie.swift */; };
		8DF2C68E28A196B700B57214 /* MovieResponse.swift in Sources */ = {isa = PBXBuildFile; fileRef = 8DF2C68D28A196B700B57214 /* MovieResponse.swift */; };
		8DF2C69128A1973A00B57214 /* Store.swift in Sources */ = {isa = PBXBuildFile; fileRef = 8DF2C69028A1973A00B57214 /* Store.swift */; };
		8DF2C69328A1994800B57214 /* MovieDetail.swift in Sources */ = {isa = PBXBuildFile; fileRef = 8DF2C69228A1994800B57214 /* MovieDetail.swift */; };
		8DF2C69528A199AB00B57214 /* MovieDetailView.swift in Sources */ = {isa = PBXBuildFile; fileRef = 8DF2C69428A199AB00B57214 /* MovieDetailView.swift */; };
		8DF2C69828A19AF000B57214 /* NewsArticle.swift in Sources */ = {isa = PBXBuildFile; fileRef = 8DF2C69728A19AF000B57214 /* NewsArticle.swift */; };
		8DF2C69A28A19B1A00B57214 /* NewsArticleResponse.swift in Sources */ = {isa = PBXBuildFile; fileRef = 8DF2C69928A19B1A00B57214 /* NewsArticleResponse.swift */; };
/* End PBXBuildFile section */

/* Begin PBXFileReference section */
		8DF2C67628A1955500B57214 /* MovieApp.app */ = {isa = PBXFileReference; explicitFileType = wrapper.application; includeInIndex = 0; path = MovieApp.app; sourceTree = BUILT_PRODUCTS_DIR; };
		8DF2C67928A1955500B57214 /* MovieAppApp.swift */ = {isa = PBXFileReference; lastKnownFileType = sourcecode.swift; path = MovieAppApp.swift; sourceTree = "<group>"; };
		8DF2C67B28A1955500B57214 /* ContentView.swift */ = {isa = PBXFileReference; lastKnownFileType = sourcecode.swift; path = ContentView.swift; sourceTree = "<group>"; };
		8DF2C67D28A1955800B57214 /* Assets.xcassets */ = {isa = PBXFileReference; lastKnownFileType = folder.assetcatalog; path = Assets.xcassets; sourceTree = "<group>"; };
		8DF2C68028A1955800B57214 /* Preview Assets.xcassets */ = {isa = PBXFileReference; lastKnownFileType = folder.assetcatalog; path = "Preview Assets.xcassets"; sourceTree = "<group>"; };
		8DF2C68828A1961500B57214 /* Webservice.swift */ = {isa = PBXFileReference; lastKnownFileType = sourcecode.swift; path = Webservice.swift; sourceTree = "<group>"; };
		8DF2C68B28A1963C00B57214 /* Movie.swift */ = {isa = PBXFileReference; lastKnownFileType = sourcecode.swift; path = Movie.swift; sourceTree = "<group>"; };
		8DF2C68D28A196B700B57214 /* MovieResponse.swift */ = {isa = PBXFileReference; lastKnownFileType = sourcecode.swift; path = MovieResponse.swift; sourceTree = "<group>"; };
		8DF2C69028A1973A00B57214 /* Store.swift */ = {isa = PBXFileReference; lastKnownFileType = sourcecode.swift; path = Store.swift; sourceTree = "<group>"; };
		8DF2C69228A1994800B57214 /* MovieDetail.swift */ = {isa = PBXFileReference; lastKnownFileType = sourcecode.swift; path = MovieDetail.swift; sourceTree = "<group>"; };
		8DF2C69428A199AB00B57214 /* MovieDetailView.swift */ = {isa = PBXFileReference; lastKnownFileType = sourcecode.swift; path = MovieDetailView.swift; sourceTree = "<group>"; };
		8DF2C69628A19A8000B57214 /* Info.plist */ = {isa = PBXFileReference; lastKnownFileType = text.plist; path = Info.plist; sourceTree = "<group>"; };
		8DF2C69728A19AF000B57214 /* NewsArticle.swift */ = {isa = PBXFileReference; lastKnownFileType = sourcecode.swift; path = NewsArticle.swift; sourceTree = "<group>"; };
		8DF2C69928A19B1A00B57214 /* NewsArticleResponse.swift */ = {isa = PBXFileReference; lastKnownFileType = sourcecode.swift; path = NewsArticleResponse.swift; sourceTree = "<group>"; };
/* End PBXFileReference section */

/* Begin PBXFrameworksBuildPhase section */
		8DF2C67328A1955500B57214 /* Frameworks */ = {
			isa = PBXFrameworksBuildPhase;
			buildActionMask = 2147483647;
			files = (
			);
			runOnlyForDeploymentPostprocessing = 0;
		};
/* End PBXFrameworksBuildPhase section */

/* Begin PBXGroup section */
		8DF2C66D28A1955500B57214 = {
			isa = PBXGroup;
			children = (
				8DF2C67828A1955500B57214 /* MovieApp */,
				8DF2C67728A1955500B57214 /* Products */,
			);
			sourceTree = "<group>";
		};
		8DF2C67728A1955500B57214 /* Products */ = {
			isa = PBXGroup;
			children = (
				8DF2C67628A1955500B57214 /* MovieApp.app */,
			);
			name = Products;
			sourceTree = "<group>";
		};
		8DF2C67828A1955500B57214 /* MovieApp */ = {
			isa = PBXGroup;
			children = (
				8DF2C69628A19A8000B57214 /* Info.plist */,
				8DF2C68F28A1971A00B57214 /* Stores */,
				8DF2C68A28A1963100B57214 /* Models */,
				8DF2C68728A1960D00B57214 /* Services */,
				8DF2C67928A1955500B57214 /* MovieAppApp.swift */,
				8DF2C67B28A1955500B57214 /* ContentView.swift */,
				8DF2C67D28A1955800B57214 /* Assets.xcassets */,
				8DF2C67F28A1955800B57214 /* Preview Content */,
				8DF2C69428A199AB00B57214 /* MovieDetailView.swift */,
			);
			path = MovieApp;
			sourceTree = "<group>";
		};
		8DF2C67F28A1955800B57214 /* Preview Content */ = {
			isa = PBXGroup;
			children = (
				8DF2C68028A1955800B57214 /* Preview Assets.xcassets */,
			);
			path = "Preview Content";
			sourceTree = "<group>";
		};
		8DF2C68728A1960D00B57214 /* Services */ = {
			isa = PBXGroup;
			children = (
				8DF2C68828A1961500B57214 /* Webservice.swift */,
			);
			path = Services;
			sourceTree = "<group>";
		};
		8DF2C68A28A1963100B57214 /* Models */ = {
			isa = PBXGroup;
			children = (
				8DF2C68B28A1963C00B57214 /* Movie.swift */,
				8DF2C68D28A196B700B57214 /* MovieResponse.swift */,
				8DF2C69228A1994800B57214 /* MovieDetail.swift */,
				8DF2C69728A19AF000B57214 /* NewsArticle.swift */,
				8DF2C69928A19B1A00B57214 /* NewsArticleResponse.swift */,
			);
			path = Models;
			sourceTree = "<group>";
		};
		8DF2C68F28A1971A00B57214 /* Stores */ = {
			isa = PBXGroup;
			children = (
				8DF2C69028A1973A00B57214 /* Store.swift */,
			);
			path = Stores;
			sourceTree = "<group>";
		};
/* End PBXGroup section */

/* Begin PBXNativeTarget section */
		8DF2C67528A1955500B57214 /* MovieApp */ = {
			isa = PBXNativeTarget;
			buildConfigurationList = 8DF2C68428A1955800B57214 /* Build configuration list for PBXNativeTarget "MovieApp" */;
			buildPhases = (
				8DF2C67228A1955500B57214 /* Sources */,
				8DF2C67328A1955500B57214 /* Frameworks */,
				8DF2C67428A1955500B57214 /* Resources */,
			);
			buildRules = (
			);
			dependencies = (
			);
			name = MovieApp;
			productName = MovieApp;
			productReference = 8DF2C67628A1955500B57214 /* MovieApp.app */;
			productType = "com.apple.product-type.application";
		};
/* End PBXNativeTarget section */

/* Begin PBXProject section */
		8DF2C66E28A1955500B57214 /* Project object */ = {
			isa = PBXProject;
			attributes = {
				BuildIndependentTargetsInParallel = 1;
				LastSwiftUpdateCheck = 1400;
				LastUpgradeCheck = 1400;
				TargetAttributes = {
					8DF2C67528A1955500B57214 = {
						CreatedOnToolsVersion = 14.0;
					};
				};
			};
			buildConfigurationList = 8DF2C67128A1955500B57214 /* Build configuration list for PBXProject "MovieApp" */;
			compatibilityVersion = "Xcode 14.0";
			developmentRegion = en;
			hasScannedForEncodings = 0;
			knownRegions = (
				en,
				Base,
			);
			mainGroup = 8DF2C66D28A1955500B57214;
			productRefGroup = 8DF2C67728A1955500B57214 /* Products */;
			projectDirPath = "";
			projectRoot = "";
			targets = (
				8DF2C67528A1955500B57214 /* MovieApp */,
			);
		};
/* End PBXProject section */

/* Begin PBXResourcesBuildPhase section */
		8DF2C67428A1955500B57214 /* Resources */ = {
			isa = PBXResourcesBuildPhase;
			buildActionMask = 2147483647;
			files = (
				8DF2C68128A1955800B57214 /* Preview Assets.xcassets in Resources */,
				8DF2C67E28A1955800B57214 /* Assets.xcassets in Resources */,
			);
			runOnlyForDeploymentPostprocessing = 0;
		};
/* End PBXResourcesBuildPhase section */

/* Begin PBXSourcesBuildPhase section */
		8DF2C67228A1955500B57214 /* Sources */ = {
			isa = PBXSourcesBuildPhase;
			buildActionMask = 2147483647;
			files = (
				8DF2C69A28A19B1A00B57214 /* NewsArticleResponse.swift in Sources */,
				8DF2C67C28A1955500B57214 /* ContentView.swift in Sources */,
				8DF2C69328A1994800B57214 /* MovieDetail.swift in Sources */,
				8DF2C68E28A196B700B57214 /* MovieResponse.swift in Sources */,
				8DF2C67A28A1955500B57214 /* MovieAppApp.swift in Sources */,
				8DF2C69828A19AF000B57214 /* NewsArticle.swift in Sources */,
				8DF2C69128A1973A00B57214 /* Store.swift in Sources */,
				8DF2C68C28A1963C00B57214 /* Movie.swift in Sources */,
				8DF2C69528A199AB00B57214 /* MovieDetailView.swift in Sources */,
				8DF2C68928A1961500B57214 /* Webservice.swift in Sources */,
			);
			runOnlyForDeploymentPostprocessing = 0;
		};
/* End PBXSourcesBuildPhase section */

/* Begin XCBuildConfiguration section */
		8DF2C68228A1955800B57214 /* Debug */ = {
			isa = XCBuildConfiguration;
			buildSettings = {
				ALWAYS_SEARCH_USER_PATHS = NO;
				CLANG_ANALYZER_NONNULL = YES;
				CLANG_ANALYZER_NUMBER_OBJECT_CONVERSION = YES_AGGRESSIVE;
				CLANG_CXX_LANGUAGE_STANDARD = "gnu++20";
				CLANG_ENABLE_MODULES = YES;
				CLANG_ENABLE_OBJC_ARC = YES;
				CLANG_ENABLE_OBJC_WEAK = YES;
				CLANG_WARN_BLOCK_CAPTURE_AUTORELEASING = YES;
				CLANG_WARN_BOOL_CONVERSION = YES;
				CLANG_WARN_COMMA = YES;
				CLANG_WARN_CONSTANT_CONVERSION = YES;
				CLANG_WARN_DEPRECATED_OBJC_IMPLEMENTATIONS = YES;
				CLANG_WARN_DIRECT_OBJC_ISA_USAGE = YES_ERROR;
				CLANG_WARN_DOCUMENTATION_COMMENTS = YES;
				CLANG_WARN_EMPTY_BODY = YES;
				CLANG_WARN_ENUM_CONVERSION = YES;
				CLANG_WARN_INFINITE_RECURSION = YES;
				CLANG_WARN_INT_CONVERSION = YES;
				CLANG_WARN_NON_LITERAL_NULL_CONVERSION = YES;
				CLANG_WARN_OBJC_IMPLICIT_RETAIN_SELF = YES;
				CLANG_WARN_OBJC_LITERAL_CONVERSION = YES;
				CLANG_WARN_OBJC_ROOT_CLASS = YES_ERROR;
				CLANG_WARN_QUOTED_INCLUDE_IN_FRAMEWORK_HEADER = YES;
				CLANG_WARN_RANGE_LOOP_ANALYSIS = YES;
				CLANG_WARN_STRICT_PROTOTYPES = YES;
				CLANG_WARN_SUSPICIOUS_MOVE = YES;
				CLANG_WARN_UNGUARDED_AVAILABILITY = YES_AGGRESSIVE;
				CLANG_WARN_UNREACHABLE_CODE = YES;
				CLANG_WARN__DUPLICATE_METHOD_MATCH = YES;
				COPY_PHASE_STRIP = NO;
				DEBUG_INFORMATION_FORMAT = dwarf;
				ENABLE_STRICT_OBJC_MSGSEND = YES;
				ENABLE_TESTABILITY = YES;
				GCC_C_LANGUAGE_STANDARD = gnu11;
				GCC_DYNAMIC_NO_PIC = NO;
				GCC_NO_COMMON_BLOCKS = YES;
				GCC_OPTIMIZATION_LEVEL = 0;
				GCC_PREPROCESSOR_DEFINITIONS = (
					"DEBUG=1",
					"$(inherited)",
				);
				GCC_WARN_64_TO_32_BIT_CONVERSION = YES;
				GCC_WARN_ABOUT_RETURN_TYPE = YES_ERROR;
				GCC_WARN_UNDECLARED_SELECTOR = YES;
				GCC_WARN_UNINITIALIZED_AUTOS = YES_AGGRESSIVE;
				GCC_WARN_UNUSED_FUNCTION = YES;
				GCC_WARN_UNUSED_VARIABLE = YES;
				IPHONEOS_DEPLOYMENT_TARGET = 16.0;
				MTL_ENABLE_DEBUG_INFO = INCLUDE_SOURCE;
				MTL_FAST_MATH = YES;
				ONLY_ACTIVE_ARCH = YES;
				SDKROOT = iphoneos;
				SWIFT_ACTIVE_COMPILATION_CONDITIONS = DEBUG;
				SWIFT_OPTIMIZATION_LEVEL = "-Onone";
			};
			name = Debug;
		};
		8DF2C68328A1955800B57214 /* Release */ = {
			isa = XCBuildConfiguration;
			buildSettings = {
				ALWAYS_SEARCH_USER_PATHS = NO;
				CLANG_ANALYZER_NONNULL = YES;
				CLANG_ANALYZER_NUMBER_OBJECT_CONVERSION = YES_AGGRESSIVE;
				CLANG_CXX_LANGUAGE_STANDARD = "gnu++20";
				CLANG_ENABLE_MODULES = YES;
				CLANG_ENABLE_OBJC_ARC = YES;
				CLANG_ENABLE_OBJC_WEAK = YES;
				CLANG_WARN_BLOCK_CAPTURE_AUTORELEASING = YES;
				CLANG_WARN_BOOL_CONVERSION = YES;
				CLANG_WARN_COMMA = YES;
				CLANG_WARN_CONSTANT_CONVERSION = YES;
				CLANG_WARN_DEPRECATED_OBJC_IMPLEMENTATIONS = YES;
				CLANG_WARN_DIRECT_OBJC_ISA_USAGE = YES_ERROR;
				CLANG_WARN_DOCUMENTATION_COMMENTS = YES;
				CLANG_WARN_EMPTY_BODY = YES;
				CLANG_WARN_ENUM_CONVERSION = YES;
				CLANG_WARN_INFINITE_RECURSION = YES;
				CLANG_WARN_INT_CONVERSION = YES;
				CLANG_WARN_NON_LITERAL_NULL_CONVERSION = YES;
				CLANG_WARN_OBJC_IMPLICIT_RETAIN_SELF = YES;
				CLANG_WARN_OBJC_LITERAL_CONVERSION = YES;
				CLANG_WARN_OBJC_ROOT_CLASS = YES_ERROR;
				CLANG_WARN_QUOTED_INCLUDE_IN_FRAMEWORK_HEADER = YES;
				CLANG_WARN_RANGE_LOOP_ANALYSIS = YES;
				CLANG_WARN_STRICT_PROTOTYPES = YES;
				CLANG_WARN_SUSPICIOUS_MOVE = YES;
				CLANG_WARN_UNGUARDED_AVAILABILITY = YES_AGGRESSIVE;
				CLANG_WARN_UNREACHABLE_CODE = YES;
				CLANG_WARN__DUPLICATE_METHOD_MATCH = YES;
				COPY_PHASE_STRIP = NO;
				DEBUG_INFORMATION_FORMAT = "dwarf-with-dsym";
				ENABLE_NS_ASSERTIONS = NO;
				ENABLE_STRICT_OBJC_MSGSEND = YES;
				GCC_C_LANGUAGE_STANDARD = gnu11;
				GCC_NO_COMMON_BLOCKS = YES;
				GCC_WARN_64_TO_32_BIT_CONVERSION = YES;
				GCC_WARN_ABOUT_RETURN_TYPE = YES_ERROR;
				GCC_WARN_UNDECLARED_SELECTOR = YES;
				GCC_WARN_UNINITIALIZED_AUTOS = YES_AGGRESSIVE;
				GCC_WARN_UNUSED_FUNCTION = YES;
				GCC_WARN_UNUSED_VARIABLE = YES;
				IPHONEOS_DEPLOYMENT_TARGET = 16.0;
				MTL_ENABLE_DEBUG_INFO = NO;
				MTL_FAST_MATH = YES;
				SDKROOT = iphoneos;
				SWIFT_COMPILATION_MODE = wholemodule;
				SWIFT_OPTIMIZATION_LEVEL = "-O";
				VALIDATE_PRODUCT = YES;
			};
			name = Release;
		};
		8DF2C68528A1955800B57214 /* Debug */ = {
			isa = XCBuildConfiguration;
			buildSettings = {
				ASSETCATALOG_COMPILER_APPICON_NAME = AppIcon;
				ASSETCATALOG_COMPILER_GLOBAL_ACCENT_COLOR_NAME = AccentColor;
				CODE_SIGN_STYLE = Automatic;
				CURRENT_PROJECT_VERSION = 1;
				DEVELOPMENT_ASSET_PATHS = "\"MovieApp/Preview Content\"";
				DEVELOPMENT_TEAM = B2Q8EGNCQA;
				ENABLE_PREVIEWS = YES;
				GENERATE_INFOPLIST_FILE = YES;
				INFOPLIST_FILE = MovieApp/Info.plist;
				INFOPLIST_KEY_UIApplicationSceneManifest_Generation = YES;
				INFOPLIST_KEY_UIApplicationSupportsIndirectInputEvents = YES;
				INFOPLIST_KEY_UILaunchScreen_Generation = YES;
				INFOPLIST_KEY_UISupportedInterfaceOrientations_iPad = "UIInterfaceOrientationPortrait UIInterfaceOrientationPortraitUpsideDown UIInterfaceOrientationLandscapeLeft UIInterfaceOrientationLandscapeRight";
				INFOPLIST_KEY_UISupportedInterfaceOrientations_iPhone = "UIInterfaceOrientationPortrait UIInterfaceOrientationLandscapeLeft UIInterfaceOrientationLandscapeRight";
				LD_RUNPATH_SEARCH_PATHS = (
					"$(inherited)",
					"@executable_path/Frameworks",
				);
				MARKETING_VERSION = 1.0;
				PRODUCT_BUNDLE_IDENTIFIER = com.azamsharp.MovieApp;
				PRODUCT_NAME = "$(TARGET_NAME)";
				SWIFT_EMIT_LOC_STRINGS = YES;
				SWIFT_VERSION = 5.0;
				TARGETED_DEVICE_FAMILY = "1,2";
			};
			name = Debug;
		};
		8DF2C68628A1955800B57214 /* Release */ = {
			isa = XCBuildConfiguration;
			buildSettings = {
				ASSETCATALOG_COMPILER_APPICON_NAME = AppIcon;
				ASSETCATALOG_COMPILER_GLOBAL_ACCENT_COLOR_NAME = AccentColor;
				CODE_SIGN_STYLE = Automatic;
				CURRENT_PROJECT_VERSION = 1;
				DEVELOPMENT_ASSET_PATHS = "\"MovieApp/Preview Content\"";
				DEVELOPMENT_TEAM = B2Q8EGNCQA;
				ENABLE_PREVIEWS = YES;
				GENERATE_INFOPLIST_FILE = YES;
				INFOPLIST_FILE = MovieApp/Info.plist;
				INFOPLIST_KEY_UIApplicationSceneManifest_Generation = YES;
				INFOPLIST_KEY_UIApplicationSupportsIndirectInputEvents = YES;
				INFOPLIST_KEY_UILaunchScreen_Generation = YES;
				INFOPLIST_KEY_UISupportedInterfaceOrientations_iPad = "UIInterfaceOrientationPortrait UIInterfaceOrientationPortraitUpsideDown UIInterfaceOrientationLandscapeLeft UIInterfaceOrientationLandscapeRight";
				INFOPLIST_KEY_UISupportedInterfaceOrientations_iPhone = "UIInterfaceOrientationPortrait UIInterfaceOrientationLandscapeLeft UIInterfaceOrientationLandscapeRight";
				LD_RUNPATH_SEARCH_PATHS = (
					"$(inherited)",
					"@executable_path/Frameworks",
				);
				MARKETING_VERSION = 1.0;
				PRODUCT_BUNDLE_IDENTIFIER = com.azamsharp.MovieApp;
				PRODUCT_NAME = "$(TARGET_NAME)";
				SWIFT_EMIT_LOC_STRINGS = YES;
				SWIFT_VERSION = 5.0;
				TARGETED_DEVICE_FAMILY = "1,2";
			};
			name = Release;
		};
/* End XCBuildConfiguration section */

/* Begin XCConfigurationList section */
		8DF2C67128A1955500B57214 /* Build configuration list for PBXProject "MovieApp" */ = {
			isa = XCConfigurationList;
			buildConfigurations = (
				8DF2C68228A1955800B57214 /* Debug */,
				8DF2C68328A1955800B57214 /* Release */,
			);
			defaultConfigurationIsVisible = 0;
			defaultConfigurationName = Release;
		};
		8DF2C68428A1955800B57214 /* Build configuration list for PBXNativeTarget "MovieApp" */ = {
			isa = XCConfigurationList;
			buildConfigurations = (
				8DF2C68528A1955800B57214 /* Debug */,
				8DF2C68628A1955800B57214 /* Release */,
			);
			defaultConfigurationIsVisible = 0;
			defaultConfigurationName = Release;
		};
/* End XCConfigurationList section */
	};
	rootObject = 8DF2C66E28A1955500B57214 /* Project object */;
}
